// !$*UTF8*$!
{
	archiveVersion = 1;
	classes = {
	};
	objectVersion = 46;
	objects = {

/* Begin PBXBuildFile section */
		039C29E61C55E77200FC8D66 /* AppDelegate.swift in Sources */ = {isa = PBXBuildFile; fileRef = 039C29E51C55E77200FC8D66 /* AppDelegate.swift */; };
		039C29E81C55E77200FC8D66 /* ViewController.swift in Sources */ = {isa = PBXBuildFile; fileRef = 039C29E71C55E77200FC8D66 /* ViewController.swift */; };
		039C29EB1C55E77200FC8D66 /* Main.storyboard in Resources */ = {isa = PBXBuildFile; fileRef = 039C29E91C55E77200FC8D66 /* Main.storyboard */; };
		039C29EE1C55E77200FC8D66 /* MarkerPath.xcdatamodeld in Sources */ = {isa = PBXBuildFile; fileRef = 039C29EC1C55E77200FC8D66 /* MarkerPath.xcdatamodeld */; };
		039C29F01C55E77200FC8D66 /* Assets.xcassets in Resources */ = {isa = PBXBuildFile; fileRef = 039C29EF1C55E77200FC8D66 /* Assets.xcassets */; };
		039C29F31C55E77200FC8D66 /* LaunchScreen.storyboard in Resources */ = {isa = PBXBuildFile; fileRef = 039C29F11C55E77200FC8D66 /* LaunchScreen.storyboard */; };
/* End PBXBuildFile section */

/* Begin PBXFileReference section */
		039C29E21C55E77200FC8D66 /* MarkerPath.app */ = {isa = PBXFileReference; explicitFileType = wrapper.application; includeInIndex = 0; path = MarkerPath.app; sourceTree = BUILT_PRODUCTS_DIR; };
		039C29E51C55E77200FC8D66 /* AppDelegate.swift */ = {isa = PBXFileReference; lastKnownFileType = sourcecode.swift; path = AppDelegate.swift; sourceTree = "<group>"; };
		039C29E71C55E77200FC8D66 /* ViewController.swift */ = {isa = PBXFileReference; lastKnownFileType = sourcecode.swift; path = ViewController.swift; sourceTree = "<group>"; };
		039C29EA1C55E77200FC8D66 /* Base */ = {isa = PBXFileReference; lastKnownFileType = file.storyboard; name = Base; path = Base.lproj/Main.storyboard; sourceTree = "<group>"; };
		039C29ED1C55E77200FC8D66 /* MarkerPath.xcdatamodel */ = {isa = PBXFileReference; lastKnownFileType = wrapper.xcdatamodel; path = MarkerPath.xcdatamodel; sourceTree = "<group>"; };
		039C29EF1C55E77200FC8D66 /* Assets.xcassets */ = {isa = PBXFileReference; lastKnownFileType = folder.assetcatalog; path = Assets.xcassets; sourceTree = "<group>"; };
		039C29F21C55E77200FC8D66 /* Base */ = {isa = PBXFileReference; lastKnownFileType = file.storyboard; name = Base; path = Base.lproj/LaunchScreen.storyboard; sourceTree = "<group>"; };
		039C29F41C55E77200FC8D66 /* Info.plist */ = {isa = PBXFileReference; lastKnownFileType = text.plist.xml; path = Info.plist; sourceTree = "<group>"; };
/* End PBXFileReference section */

/* Begin PBXFrameworksBuildPhase section */
		039C29DF1C55E77200FC8D66 /* Frameworks */ = {
			isa = PBXFrameworksBuildPhase;
			buildActionMask = 2147483647;
			files = (
			);
			runOnlyForDeploymentPostprocessing = 0;
		};
/* End PBXFrameworksBuildPhase section */

/* Begin PBXGroup section */
		039C29D91C55E77200FC8D66 = {
			isa = PBXGroup;
			children = (
				039C29E41C55E77200FC8D66 /* MarkerPath */,
				039C29E31C55E77200FC8D66 /* Products */,
			);
			sourceTree = "<group>";
		};
		039C29E31C55E77200FC8D66 /* Products */ = {
			isa = PBXGroup;
			children = (
				039C29E21C55E77200FC8D66 /* MarkerPath.app */,
			);
			name = Products;
			sourceTree = "<group>";
		};
		039C29E41C55E77200FC8D66 /* MarkerPath */ = {
			isa = PBXGroup;
			children = (
				039C29E51C55E77200FC8D66 /* AppDelegate.swift */,
				039C29E71C55E77200FC8D66 /* ViewController.swift */,
				039C29E91C55E77200FC8D66 /* Main.storyboard */,
				039C29EF1C55E77200FC8D66 /* Assets.xcassets */,
				039C29F11C55E77200FC8D66 /* LaunchScreen.storyboard */,
				039C29F41C55E77200FC8D66 /* Info.plist */,
				039C29EC1C55E77200FC8D66 /* MarkerPath.xcdatamodeld */,
			);
			path = MarkerPath;
			sourceTree = "<group>";
		};
/* End PBXGroup section */

/* Begin PBXNativeTarget section */
		039C29E11C55E77200FC8D66 /* MarkerPath */ = {
			isa = PBXNativeTarget;
			buildConfigurationList = 039C29F71C55E77200FC8D66 /* Build configuration list for PBXNativeTarget "MarkerPath" */;
			buildPhases = (
				039C29DE1C55E77200FC8D66 /* Sources */,
				039C29DF1C55E77200FC8D66 /* Frameworks */,
				039C29E01C55E77200FC8D66 /* Resources */,
			);
			buildRules = (
			);
			dependencies = (
			);
			name = MarkerPath;
			productName = MarkerPath;
			productReference = 039C29E21C55E77200FC8D66 /* MarkerPath.app */;
			productType = "com.apple.product-type.application";
		};
/* End PBXNativeTarget section */

/* Begin PBXProject section */
		039C29DA1C55E77200FC8D66 /* Project object */ = {
			isa = PBXProject;
			attributes = {
				LastSwiftUpdateCheck = 0720;
				LastUpgradeCheck = 0720;
				ORGANIZATIONNAME = vengapps;
				TargetAttributes = {
					039C29E11C55E77200FC8D66 = {
						CreatedOnToolsVersion = 7.2;
						DevelopmentTeam = 28SLDM4ZAR;
					};
				};
			};
			buildConfigurationList = 039C29DD1C55E77200FC8D66 /* Build configuration list for PBXProject "MarkerPath" */;
			compatibilityVersion = "Xcode 3.2";
			developmentRegion = English;
			hasScannedForEncodings = 0;
			knownRegions = (
				en,
				Base,
			);
			mainGroup = 039C29D91C55E77200FC8D66;
			productRefGroup = 039C29E31C55E77200FC8D66 /* Products */;
			projectDirPath = "";
			projectRoot = "";
			targets = (
				039C29E11C55E77200FC8D66 /* MarkerPath */,
			);
		};
/* End PBXProject section */

/* Begin PBXResourcesBuildPhase section */
		039C29E01C55E77200FC8D66 /* Resources */ = {
			isa = PBXResourcesBuildPhase;
			buildActionMask = 2147483647;
			files = (
				039C29F31C55E77200FC8D66 /* LaunchScreen.storyboard in Resources */,
				039C29F01C55E77200FC8D66 /* Assets.xcassets in Resources */,
				039C29EB1C55E77200FC8D66 /* Main.storyboard in Resources */,
			);
			runOnlyForDeploymentPostprocessing = 0;
		};
/* End PBXResourcesBuildPhase section */

/* Begin PBXSourcesBuildPhase section */
		039C29DE1C55E77200FC8D66 /* Sources */ = {
			isa = PBXSourcesBuildPhase;
			buildActionMask = 2147483647;
			files = (
				039C29E81C55E77200FC8D66 /* ViewController.swift in Sources */,
				039C29EE1C55E77200FC8D66 /* MarkerPath.xcdatamodeld in Sources */,
				039C29E61C55E77200FC8D66 /* AppDelegate.swift in Sources */,
			);
			runOnlyForDeploymentPostprocessing = 0;
		};
/* End PBXSourcesBuildPhase section */

/* Begin PBXVariantGroup section */
		039C29E91C55E77200FC8D66 /* Main.storyboard */ = {
			isa = PBXVariantGroup;
			children = (
				039C29EA1C55E77200FC8D66 /* Base */,
			);
			name = Main.storyboard;
			sourceTree = "<group>";
		};
		039C29F11C55E77200FC8D66 /* LaunchScreen.storyboard */ = {
			isa = PBXVariantGroup;
			children = (
				039C29F21C55E77200FC8D66 /* Base */,
			);
			name = LaunchScreen.storyboard;
			sourceTree = "<group>";
		};
/* End PBXVariantGroup section */

/* Begin XCBuildConfiguration section */
		039C29F51C55E77200FC8D66 /* Debug */ = {
			isa = XCBuildConfiguration;
			buildSettings = {
				ALWAYS_SEARCH_USER_PATHS = NO;
				CLANG_CXX_LANGUAGE_STANDARD = "gnu++0x";
				CLANG_CXX_LIBRARY = "libc++";
				CLANG_ENABLE_MODULES = YES;
				CLANG_ENABLE_OBJC_ARC = YES;
				CLANG_WARN_BOOL_CONVERSION = YES;
				CLANG_WARN_CONSTANT_CONVERSION = YES;
				CLANG_WARN_DIRECT_OBJC_ISA_USAGE = YES_ERROR;
				CLANG_WARN_EMPTY_BODY = YES;
				CLANG_WARN_ENUM_CONVERSION = YES;
				CLANG_WARN_INT_CONVERSION = YES;
				CLANG_WARN_OBJC_ROOT_CLASS = YES_ERROR;
				CLANG_WARN_UNREACHABLE_CODE = YES;
				CLANG_WARN__DUPLICATE_METHOD_MATCH = YES;
				"CODE_SIGN_IDENTITY[sdk=iphoneos*]" = "iPhone Developer";
				COPY_PHASE_STRIP = NO;
				DEBUG_INFORMATION_FORMAT = dwarf;
				ENABLE_STRICT_OBJC_MSGSEND = YES;
				ENABLE_TESTABILITY = YES;
				GCC_C_LANGUAGE_STANDARD = gnu99;
				GCC_DYNAMIC_NO_PIC = NO;
				GCC_NO_COMMON_BLOCKS = YES;
				GCC_OPTIMIZATION_LEVEL = 0;
				GCC_PREPROCESSOR_DEFINITIONS = (
					"DEBUG=1",
					"$(inherited)",
				);
				GCC_WARN_64_TO_32_BIT_CONVERSION = YES;
				GCC_WARN_ABOUT_RETURN_TYPE = YES_ERROR;
				GCC_WARN_UNDECLARED_SELECTOR = YES;
				GCC_WARN_UNINITIALIZED_AUTOS = YES_AGGRESSIVE;
				GCC_WARN_UNUSED_FUNCTION = YES;
				GCC_WARN_UNUSED_VARIABLE = YES;
				IPHONEOS_DEPLOYMENT_TARGET = 9.2;
				MTL_ENABLE_DEBUG_INFO = YES;
				ONLY_ACTIVE_ARCH = YES;
				SDKROOT = iphoneos;
				SWIFT_OPTIMIZATION_LEVEL = "-Onone";
				TARGETED_DEVICE_FAMILY = "1,2";
			};
			name = Debug;
		};
		039C29F61C55E77200FC8D66 /* Release */ = {
			isa = XCBuildConfiguration;
			buildSettings = {
				ALWAYS_SEARCH_USER_PATHS = NO;
				CLANG_CXX_LANGUAGE_STANDARD = "gnu++0x";
				CLANG_CXX_LIBRARY = "libc++";
				CLANG_ENABLE_MODULES = YES;
				CLANG_ENABLE_OBJC_ARC = YES;
				CLANG_WARN_BOOL_CONVERSION = YES;
				CLANG_WARN_CONSTANT_CONVERSION = YES;
				CLANG_WARN_DIRECT_OBJC_ISA_USAGE = YES_ERROR;
				CLANG_WARN_EMPTY_BODY = YES;
				CLANG_WARN_ENUM_CONVERSION = YES;
				CLANG_WARN_INT_CONVERSION = YES;
				CLANG_WARN_OBJC_ROOT_CLASS = YES_ERROR;
				CLANG_WARN_UNREACHABLE_CODE = YES;
				CLANG_WARN__DUPLICATE_METHOD_MATCH = YES;
				"CODE_SIGN_IDENTITY[sdk=iphoneos*]" = "iPhone Developer";
				COPY_PHASE_STRIP = NO;
				DEBUG_INFORMATION_FORMAT = "dwarf-with-dsym";
				ENABLE_NS_ASSERTIONS = NO;
				ENABLE_STRICT_OBJC_MSGSEND = YES;
				GCC_C_LANGUAGE_STANDARD = gnu99;
				GCC_NO_COMMON_BLOCKS = YES;
				GCC_WARN_64_TO_32_BIT_CONVERSION = YES;
				GCC_WARN_ABOUT_RETURN_TYPE = YES_ERROR;
				GCC_WARN_UNDECLARED_SELECTOR = YES;
				GCC_WARN_UNINITIALIZED_AUTOS = YES_AGGRESSIVE;
				GCC_WARN_UNUSED_FUNCTION = YES;
				GCC_WARN_UNUSED_VARIABLE = YES;
				IPHONEOS_DEPLOYMENT_TARGET = 9.2;
				MTL_ENABLE_DEBUG_INFO = NO;
				SDKROOT = iphoneos;
				TARGETED_DEVICE_FAMILY = "1,2";
				VALIDATE_PRODUCT = YES;
			};
			name = Release;
		};
		039C29F81C55E77200FC8D66 /* Debug */ = {
			isa = XCBuildConfiguration;
			buildSettings = {
				ASSETCATALOG_COMPILER_APPICON_NAME = AppIcon;
				INFOPLIST_FILE = MarkerPath/Info.plist;
				LD_RUNPATH_SEARCH_PATHS = "$(inherited) @executable_path/Frameworks";
				PRODUCT_BUNDLE_IDENTIFIER = com.vengapps.MarkerPath;
				PRODUCT_NAME = "$(TARGET_NAME)";
			};
			name = Debug;
		};
		039C29F91C55E77200FC8D66 /* Release */ = {
			isa = XCBuildConfiguration;
			buildSettings = {
				ASSETCATALOG_COMPILER_APPICON_NAME = AppIcon;
				INFOPLIST_FILE = MarkerPath/Info.plist;
				LD_RUNPATH_SEARCH_PATHS = "$(inherited) @executable_path/Frameworks";
				PRODUCT_BUNDLE_IDENTIFIER = com.vengapps.MarkerPath;
				PRODUCT_NAME = "$(TARGET_NAME)";
			};
			name = Release;
		};
/* End XCBuildConfiguration section */

/* Begin XCConfigurationList section */
		039C29DD1C55E77200FC8D66 /* Build configuration list for PBXProject "MarkerPath" */ = {
			isa = XCConfigurationList;
			buildConfigurations = (
				039C29F51C55E77200FC8D66 /* Debug */,
				039C29F61C55E77200FC8D66 /* Release */,
			);
			defaultConfigurationIsVisible = 0;
			defaultConfigurationName = Release;
		};
		039C29F71C55E77200FC8D66 /* Build configuration list for PBXNativeTarget "MarkerPath" */ = {
			isa = XCConfigurationList;
			buildConfigurations = (
				039C29F81C55E77200FC8D66 /* Debug */,
				039C29F91C55E77200FC8D66 /* Release */,
			);
			defaultConfigurationIsVisible = 0;
		};
/* End XCConfigurationList section */

/* Begin XCVersionGroup section */
		039C29EC1C55E77200FC8D66 /* MarkerPath.xcdatamodeld */ = {
			isa = XCVersionGroup;
			children = (
				039C29ED1C55E77200FC8D66 /* MarkerPath.xcdatamodel */,
			);
			currentVersion = 039C29ED1C55E77200FC8D66 /* MarkerPath.xcdatamodel */;
			path = MarkerPath.xcdatamodeld;
			sourceTree = "<group>";
			versionGroupType = wrapper.xcdatamodel;
		};
/* End XCVersionGroup section */
	};
	rootObject = 039C29DA1C55E77200FC8D66 /* Project object */;
}
