// !$*UTF8*$!
{
	archiveVersion = 1;
	classes = {
	};
	objectVersion = 46;
	objects = {

/* Begin PBXBuildFile section */
		032D96BA1C4227320096F990 /* AppDelegate.swift in Sources */ = {isa = PBXBuildFile; fileRef = 032D96B91C4227320096F990 /* AppDelegate.swift */; };
		032D96BC1C4227320096F990 /* ViewController.swift in Sources */ = {isa = PBXBuildFile; fileRef = 032D96BB1C4227320096F990 /* ViewController.swift */; };
		032D96BF1C4227320096F990 /* Main.storyboard in Resources */ = {isa = PBXBuildFile; fileRef = 032D96BD1C4227320096F990 /* Main.storyboard */; };
		032D96C21C4227320096F990 /* PruebaGit.xcdatamodeld in Sources */ = {isa = PBXBuildFile; fileRef = 032D96C01C4227320096F990 /* PruebaGit.xcdatamodeld */; };
		032D96C41C4227320096F990 /* Assets.xcassets in Resources */ = {isa = PBXBuildFile; fileRef = 032D96C31C4227320096F990 /* Assets.xcassets */; };
		032D96C71C4227320096F990 /* LaunchScreen.storyboard in Resources */ = {isa = PBXBuildFile; fileRef = 032D96C51C4227320096F990 /* LaunchScreen.storyboard */; };
/* End PBXBuildFile section */

/* Begin PBXFileReference section */
		032D96B61C4227320096F990 /* PruebaGit.app */ = {isa = PBXFileReference; explicitFileType = wrapper.application; includeInIndex = 0; path = PruebaGit.app; sourceTree = BUILT_PRODUCTS_DIR; };
		032D96B91C4227320096F990 /* AppDelegate.swift */ = {isa = PBXFileReference; lastKnownFileType = sourcecode.swift; path = AppDelegate.swift; sourceTree = "<group>"; };
		032D96BB1C4227320096F990 /* ViewController.swift */ = {isa = PBXFileReference; lastKnownFileType = sourcecode.swift; path = ViewController.swift; sourceTree = "<group>"; };
		032D96BE1C4227320096F990 /* Base */ = {isa = PBXFileReference; lastKnownFileType = file.storyboard; name = Base; path = Base.lproj/Main.storyboard; sourceTree = "<group>"; };
		032D96C11C4227320096F990 /* PruebaGit.xcdatamodel */ = {isa = PBXFileReference; lastKnownFileType = wrapper.xcdatamodel; path = PruebaGit.xcdatamodel; sourceTree = "<group>"; };
		032D96C31C4227320096F990 /* Assets.xcassets */ = {isa = PBXFileReference; lastKnownFileType = folder.assetcatalog; path = Assets.xcassets; sourceTree = "<group>"; };
		032D96C61C4227320096F990 /* Base */ = {isa = PBXFileReference; lastKnownFileType = file.storyboard; name = Base; path = Base.lproj/LaunchScreen.storyboard; sourceTree = "<group>"; };
		032D96C81C4227320096F990 /* Info.plist */ = {isa = PBXFileReference; lastKnownFileType = text.plist.xml; path = Info.plist; sourceTree = "<group>"; };
/* End PBXFileReference section */

/* Begin PBXFrameworksBuildPhase section */
		032D96B31C4227320096F990 /* Frameworks */ = {
			isa = PBXFrameworksBuildPhase;
			buildActionMask = 2147483647;
			files = (
			);
			runOnlyForDeploymentPostprocessing = 0;
		};
/* End PBXFrameworksBuildPhase section */

/* Begin PBXGroup section */
		032D96AD1C4227320096F990 = {
			isa = PBXGroup;
			children = (
				032D96B81C4227320096F990 /* PruebaGit */,
				032D96B71C4227320096F990 /* Products */,
			);
			sourceTree = "<group>";
		};
		032D96B71C4227320096F990 /* Products */ = {
			isa = PBXGroup;
			children = (
				032D96B61C4227320096F990 /* PruebaGit.app */,
			);
			name = Products;
			sourceTree = "<group>";
		};
		032D96B81C4227320096F990 /* PruebaGit */ = {
			isa = PBXGroup;
			children = (
				032D96B91C4227320096F990 /* AppDelegate.swift */,
				032D96BB1C4227320096F990 /* ViewController.swift */,
				032D96BD1C4227320096F990 /* Main.storyboard */,
				032D96C31C4227320096F990 /* Assets.xcassets */,
				032D96C51C4227320096F990 /* LaunchScreen.storyboard */,
				032D96C81C4227320096F990 /* Info.plist */,
				032D96C01C4227320096F990 /* PruebaGit.xcdatamodeld */,
			);
			path = PruebaGit;
			sourceTree = "<group>";
		};
/* End PBXGroup section */

/* Begin PBXNativeTarget section */
		032D96B51C4227320096F990 /* PruebaGit */ = {
			isa = PBXNativeTarget;
			buildConfigurationList = 032D96CB1C4227320096F990 /* Build configuration list for PBXNativeTarget "PruebaGit" */;
			buildPhases = (
				032D96B21C4227320096F990 /* Sources */,
				032D96B31C4227320096F990 /* Frameworks */,
				032D96B41C4227320096F990 /* Resources */,
			);
			buildRules = (
			);
			dependencies = (
			);
			name = PruebaGit;
			productName = PruebaGit;
			productReference = 032D96B61C4227320096F990 /* PruebaGit.app */;
			productType = "com.apple.product-type.application";
		};
/* End PBXNativeTarget section */

/* Begin PBXProject section */
		032D96AE1C4227320096F990 /* Project object */ = {
			isa = PBXProject;
			attributes = {
				LastSwiftUpdateCheck = 0720;
				LastUpgradeCheck = 0720;
				ORGANIZATIONNAME = vengapps;
				TargetAttributes = {
					032D96B51C4227320096F990 = {
						CreatedOnToolsVersion = 7.2;
						DevelopmentTeam = 28SLDM4ZAR;
					};
				};
			};
			buildConfigurationList = 032D96B11C4227320096F990 /* Build configuration list for PBXProject "PruebaGit" */;
			compatibilityVersion = "Xcode 3.2";
			developmentRegion = English;
			hasScannedForEncodings = 0;
			knownRegions = (
				en,
				Base,
			);
			mainGroup = 032D96AD1C4227320096F990;
			productRefGroup = 032D96B71C4227320096F990 /* Products */;
			projectDirPath = "";
			projectRoot = "";
			targets = (
				032D96B51C4227320096F990 /* PruebaGit */,
			);
		};
/* End PBXProject section */

/* Begin PBXResourcesBuildPhase section */
		032D96B41C4227320096F990 /* Resources */ = {
			isa = PBXResourcesBuildPhase;
			buildActionMask = 2147483647;
			files = (
				032D96C71C4227320096F990 /* LaunchScreen.storyboard in Resources */,
				032D96C41C4227320096F990 /* Assets.xcassets in Resources */,
				032D96BF1C4227320096F990 /* Main.storyboard in Resources */,
			);
			runOnlyForDeploymentPostprocessing = 0;
		};
/* End PBXResourcesBuildPhase section */

/* Begin PBXSourcesBuildPhase section */
		032D96B21C4227320096F990 /* Sources */ = {
			isa = PBXSourcesBuildPhase;
			buildActionMask = 2147483647;
			files = (
				032D96BC1C4227320096F990 /* ViewController.swift in Sources */,
				032D96C21C4227320096F990 /* PruebaGit.xcdatamodeld in Sources */,
				032D96BA1C4227320096F990 /* AppDelegate.swift in Sources */,
			);
			runOnlyForDeploymentPostprocessing = 0;
		};
/* End PBXSourcesBuildPhase section */

/* Begin PBXVariantGroup section */
		032D96BD1C4227320096F990 /* Main.storyboard */ = {
			isa = PBXVariantGroup;
			children = (
				032D96BE1C4227320096F990 /* Base */,
			);
			name = Main.storyboard;
			sourceTree = "<group>";
		};
		032D96C51C4227320096F990 /* LaunchScreen.storyboard */ = {
			isa = PBXVariantGroup;
			children = (
				032D96C61C4227320096F990 /* Base */,
			);
			name = LaunchScreen.storyboard;
			sourceTree = "<group>";
		};
/* End PBXVariantGroup section */

/* Begin XCBuildConfiguration section */
		032D96C91C4227320096F990 /* Debug */ = {
			isa = XCBuildConfiguration;
			buildSettings = {
				ALWAYS_SEARCH_USER_PATHS = NO;
				CLANG_CXX_LANGUAGE_STANDARD = "gnu++0x";
				CLANG_CXX_LIBRARY = "libc++";
				CLANG_ENABLE_MODULES = YES;
				CLANG_ENABLE_OBJC_ARC = YES;
				CLANG_WARN_BOOL_CONVERSION = YES;
				CLANG_WARN_CONSTANT_CONVERSION = YES;
				CLANG_WARN_DIRECT_OBJC_ISA_USAGE = YES_ERROR;
				CLANG_WARN_EMPTY_BODY = YES;
				CLANG_WARN_ENUM_CONVERSION = YES;
				CLANG_WARN_INT_CONVERSION = YES;
				CLANG_WARN_OBJC_ROOT_CLASS = YES_ERROR;
				CLANG_WARN_UNREACHABLE_CODE = YES;
				CLANG_WARN__DUPLICATE_METHOD_MATCH = YES;
				"CODE_SIGN_IDENTITY[sdk=iphoneos*]" = "iPhone Developer";
				COPY_PHASE_STRIP = NO;
				DEBUG_INFORMATION_FORMAT = dwarf;
				ENABLE_STRICT_OBJC_MSGSEND = YES;
				ENABLE_TESTABILITY = YES;
				GCC_C_LANGUAGE_STANDARD = gnu99;
				GCC_DYNAMIC_NO_PIC = NO;
				GCC_NO_COMMON_BLOCKS = YES;
				GCC_OPTIMIZATION_LEVEL = 0;
				GCC_PREPROCESSOR_DEFINITIONS = (
					"DEBUG=1",
					"$(inherited)",
				);
				GCC_WARN_64_TO_32_BIT_CONVERSION = YES;
				GCC_WARN_ABOUT_RETURN_TYPE = YES_ERROR;
				GCC_WARN_UNDECLARED_SELECTOR = YES;
				GCC_WARN_UNINITIALIZED_AUTOS = YES_AGGRESSIVE;
				GCC_WARN_UNUSED_FUNCTION = YES;
				GCC_WARN_UNUSED_VARIABLE = YES;
				IPHONEOS_DEPLOYMENT_TARGET = 9.2;
				MTL_ENABLE_DEBUG_INFO = YES;
				ONLY_ACTIVE_ARCH = YES;
				SDKROOT = iphoneos;
				SWIFT_OPTIMIZATION_LEVEL = "-Onone";
				TARGETED_DEVICE_FAMILY = "1,2";
			};
			name = Debug;
		};
		032D96CA1C4227320096F990 /* Release */ = {
			isa = XCBuildConfiguration;
			buildSettings = {
				ALWAYS_SEARCH_USER_PATHS = NO;
				CLANG_CXX_LANGUAGE_STANDARD = "gnu++0x";
				CLANG_CXX_LIBRARY = "libc++";
				CLANG_ENABLE_MODULES = YES;
				CLANG_ENABLE_OBJC_ARC = YES;
				CLANG_WARN_BOOL_CONVERSION = YES;
				CLANG_WARN_CONSTANT_CONVERSION = YES;
				CLANG_WARN_DIRECT_OBJC_ISA_USAGE = YES_ERROR;
				CLANG_WARN_EMPTY_BODY = YES;
				CLANG_WARN_ENUM_CONVERSION = YES;
				CLANG_WARN_INT_CONVERSION = YES;
				CLANG_WARN_OBJC_ROOT_CLASS = YES_ERROR;
				CLANG_WARN_UNREACHABLE_CODE = YES;
				CLANG_WARN__DUPLICATE_METHOD_MATCH = YES;
				"CODE_SIGN_IDENTITY[sdk=iphoneos*]" = "iPhone Developer";
				COPY_PHASE_STRIP = NO;
				DEBUG_INFORMATION_FORMAT = "dwarf-with-dsym";
				ENABLE_NS_ASSERTIONS = NO;
				ENABLE_STRICT_OBJC_MSGSEND = YES;
				GCC_C_LANGUAGE_STANDARD = gnu99;
				GCC_NO_COMMON_BLOCKS = YES;
				GCC_WARN_64_TO_32_BIT_CONVERSION = YES;
				GCC_WARN_ABOUT_RETURN_TYPE = YES_ERROR;
				GCC_WARN_UNDECLARED_SELECTOR = YES;
				GCC_WARN_UNINITIALIZED_AUTOS = YES_AGGRESSIVE;
				GCC_WARN_UNUSED_FUNCTION = YES;
				GCC_WARN_UNUSED_VARIABLE = YES;
				IPHONEOS_DEPLOYMENT_TARGET = 9.2;
				MTL_ENABLE_DEBUG_INFO = NO;
				SDKROOT = iphoneos;
				TARGETED_DEVICE_FAMILY = "1,2";
				VALIDATE_PRODUCT = YES;
			};
			name = Release;
		};
		032D96CC1C4227320096F990 /* Debug */ = {
			isa = XCBuildConfiguration;
			buildSettings = {
				ASSETCATALOG_COMPILER_APPICON_NAME = AppIcon;
				INFOPLIST_FILE = PruebaGit/Info.plist;
				LD_RUNPATH_SEARCH_PATHS = "$(inherited) @executable_path/Frameworks";
				PRODUCT_BUNDLE_IDENTIFIER = com.vengapps.PruebaGit;
				PRODUCT_NAME = "$(TARGET_NAME)";
			};
			name = Debug;
		};
		032D96CD1C4227320096F990 /* Release */ = {
			isa = XCBuildConfiguration;
			buildSettings = {
				ASSETCATALOG_COMPILER_APPICON_NAME = AppIcon;
				INFOPLIST_FILE = PruebaGit/Info.plist;
				LD_RUNPATH_SEARCH_PATHS = "$(inherited) @executable_path/Frameworks";
				PRODUCT_BUNDLE_IDENTIFIER = com.vengapps.PruebaGit;
				PRODUCT_NAME = "$(TARGET_NAME)";
			};
			name = Release;
		};
/* End XCBuildConfiguration section */

/* Begin XCConfigurationList section */
		032D96B11C4227320096F990 /* Build configuration list for PBXProject "PruebaGit" */ = {
			isa = XCConfigurationList;
			buildConfigurations = (
				032D96C91C4227320096F990 /* Debug */,
				032D96CA1C4227320096F990 /* Release */,
			);
			defaultConfigurationIsVisible = 0;
			defaultConfigurationName = Release;
		};
		032D96CB1C4227320096F990 /* Build configuration list for PBXNativeTarget "PruebaGit" */ = {
			isa = XCConfigurationList;
			buildConfigurations = (
				032D96CC1C4227320096F990 /* Debug */,
				032D96CD1C4227320096F990 /* Release */,
			);
			defaultConfigurationIsVisible = 0;
		};
/* End XCConfigurationList section */

/* Begin XCVersionGroup section */
		032D96C01C4227320096F990 /* PruebaGit.xcdatamodeld */ = {
			isa = XCVersionGroup;
			children = (
				032D96C11C4227320096F990 /* PruebaGit.xcdatamodel */,
			);
			currentVersion = 032D96C11C4227320096F990 /* PruebaGit.xcdatamodel */;
			path = PruebaGit.xcdatamodeld;
			sourceTree = "<group>";
			versionGroupType = wrapper.xcdatamodel;
		};
/* End XCVersionGroup section */
	};
	rootObject = 032D96AE1C4227320096F990 /* Project object */;
}
