// !$*UTF8*$!
{
	archiveVersion = 1;
	classes = {
	};
	objectVersion = 46;
	objects = {

/* Begin PBXBuildFile section */
		0364EA2D1C2FBF8400103D5A /* AppDelegate.swift in Sources */ = {isa = PBXBuildFile; fileRef = 0364EA2C1C2FBF8400103D5A /* AppDelegate.swift */; };
		0364EA2F1C2FBF8400103D5A /* ViewController.swift in Sources */ = {isa = PBXBuildFile; fileRef = 0364EA2E1C2FBF8400103D5A /* ViewController.swift */; };
		0364EA321C2FBF8400103D5A /* Main.storyboard in Resources */ = {isa = PBXBuildFile; fileRef = 0364EA301C2FBF8400103D5A /* Main.storyboard */; };
		0364EA341C2FBF8400103D5A /* Assets.xcassets in Resources */ = {isa = PBXBuildFile; fileRef = 0364EA331C2FBF8400103D5A /* Assets.xcassets */; };
		0364EA371C2FBF8400103D5A /* LaunchScreen.storyboard in Resources */ = {isa = PBXBuildFile; fileRef = 0364EA351C2FBF8400103D5A /* LaunchScreen.storyboard */; };
		0364EA421C2FBF8400103D5A /* ReproducirVideoTests.swift in Sources */ = {isa = PBXBuildFile; fileRef = 0364EA411C2FBF8400103D5A /* ReproducirVideoTests.swift */; };
/* End PBXBuildFile section */

/* Begin PBXContainerItemProxy section */
		0364EA3E1C2FBF8400103D5A /* PBXContainerItemProxy */ = {
			isa = PBXContainerItemProxy;
			containerPortal = 0364EA211C2FBF8400103D5A /* Project object */;
			proxyType = 1;
			remoteGlobalIDString = 0364EA281C2FBF8400103D5A;
			remoteInfo = ReproducirVideo;
		};
/* End PBXContainerItemProxy section */

/* Begin PBXFileReference section */
		0364EA291C2FBF8400103D5A /* ReproducirVideo.app */ = {isa = PBXFileReference; explicitFileType = wrapper.application; includeInIndex = 0; path = ReproducirVideo.app; sourceTree = BUILT_PRODUCTS_DIR; };
		0364EA2C1C2FBF8400103D5A /* AppDelegate.swift */ = {isa = PBXFileReference; lastKnownFileType = sourcecode.swift; path = AppDelegate.swift; sourceTree = "<group>"; };
		0364EA2E1C2FBF8400103D5A /* ViewController.swift */ = {isa = PBXFileReference; lastKnownFileType = sourcecode.swift; path = ViewController.swift; sourceTree = "<group>"; };
		0364EA311C2FBF8400103D5A /* Base */ = {isa = PBXFileReference; lastKnownFileType = file.storyboard; name = Base; path = Base.lproj/Main.storyboard; sourceTree = "<group>"; };
		0364EA331C2FBF8400103D5A /* Assets.xcassets */ = {isa = PBXFileReference; lastKnownFileType = folder.assetcatalog; path = Assets.xcassets; sourceTree = "<group>"; };
		0364EA361C2FBF8400103D5A /* Base */ = {isa = PBXFileReference; lastKnownFileType = file.storyboard; name = Base; path = Base.lproj/LaunchScreen.storyboard; sourceTree = "<group>"; };
		0364EA381C2FBF8400103D5A /* Info.plist */ = {isa = PBXFileReference; lastKnownFileType = text.plist.xml; path = Info.plist; sourceTree = "<group>"; };
		0364EA3D1C2FBF8400103D5A /* ReproducirVideoTests.xctest */ = {isa = PBXFileReference; explicitFileType = wrapper.cfbundle; includeInIndex = 0; path = ReproducirVideoTests.xctest; sourceTree = BUILT_PRODUCTS_DIR; };
		0364EA411C2FBF8400103D5A /* ReproducirVideoTests.swift */ = {isa = PBXFileReference; lastKnownFileType = sourcecode.swift; path = ReproducirVideoTests.swift; sourceTree = "<group>"; };
		0364EA431C2FBF8400103D5A /* Info.plist */ = {isa = PBXFileReference; lastKnownFileType = text.plist.xml; path = Info.plist; sourceTree = "<group>"; };
		0364EA4C1C2FC24E00103D5A /* anim_card_flip.mp4 */ = {isa = PBXFileReference; lastKnownFileType = file; path = anim_card_flip.mp4; sourceTree = "<group>"; };
/* End PBXFileReference section */

/* Begin PBXFrameworksBuildPhase section */
		0364EA261C2FBF8400103D5A /* Frameworks */ = {
			isa = PBXFrameworksBuildPhase;
			buildActionMask = 2147483647;
			files = (
			);
			runOnlyForDeploymentPostprocessing = 0;
		};
		0364EA3A1C2FBF8400103D5A /* Frameworks */ = {
			isa = PBXFrameworksBuildPhase;
			buildActionMask = 2147483647;
			files = (
			);
			runOnlyForDeploymentPostprocessing = 0;
		};
/* End PBXFrameworksBuildPhase section */

/* Begin PBXGroup section */
		0364EA201C2FBF8400103D5A = {
			isa = PBXGroup;
			children = (
				0364EA2B1C2FBF8400103D5A /* ReproducirVideo */,
				0364EA401C2FBF8400103D5A /* ReproducirVideoTests */,
				0364EA2A1C2FBF8400103D5A /* Products */,
			);
			sourceTree = "<group>";
		};
		0364EA2A1C2FBF8400103D5A /* Products */ = {
			isa = PBXGroup;
			children = (
				0364EA291C2FBF8400103D5A /* ReproducirVideo.app */,
				0364EA3D1C2FBF8400103D5A /* ReproducirVideoTests.xctest */,
			);
			name = Products;
			sourceTree = "<group>";
		};
		0364EA2B1C2FBF8400103D5A /* ReproducirVideo */ = {
			isa = PBXGroup;
			children = (
				0364EA4C1C2FC24E00103D5A /* anim_card_flip.mp4 */,
				0364EA2C1C2FBF8400103D5A /* AppDelegate.swift */,
				0364EA2E1C2FBF8400103D5A /* ViewController.swift */,
				0364EA301C2FBF8400103D5A /* Main.storyboard */,
				0364EA331C2FBF8400103D5A /* Assets.xcassets */,
				0364EA351C2FBF8400103D5A /* LaunchScreen.storyboard */,
				0364EA381C2FBF8400103D5A /* Info.plist */,
			);
			path = ReproducirVideo;
			sourceTree = "<group>";
		};
		0364EA401C2FBF8400103D5A /* ReproducirVideoTests */ = {
			isa = PBXGroup;
			children = (
				0364EA411C2FBF8400103D5A /* ReproducirVideoTests.swift */,
				0364EA431C2FBF8400103D5A /* Info.plist */,
			);
			path = ReproducirVideoTests;
			sourceTree = "<group>";
		};
/* End PBXGroup section */

/* Begin PBXNativeTarget section */
		0364EA281C2FBF8400103D5A /* ReproducirVideo */ = {
			isa = PBXNativeTarget;
			buildConfigurationList = 0364EA461C2FBF8400103D5A /* Build configuration list for PBXNativeTarget "ReproducirVideo" */;
			buildPhases = (
				0364EA251C2FBF8400103D5A /* Sources */,
				0364EA261C2FBF8400103D5A /* Frameworks */,
				0364EA271C2FBF8400103D5A /* Resources */,
			);
			buildRules = (
			);
			dependencies = (
			);
			name = ReproducirVideo;
			productName = ReproducirVideo;
			productReference = 0364EA291C2FBF8400103D5A /* ReproducirVideo.app */;
			productType = "com.apple.product-type.application";
		};
		0364EA3C1C2FBF8400103D5A /* ReproducirVideoTests */ = {
			isa = PBXNativeTarget;
			buildConfigurationList = 0364EA491C2FBF8400103D5A /* Build configuration list for PBXNativeTarget "ReproducirVideoTests" */;
			buildPhases = (
				0364EA391C2FBF8400103D5A /* Sources */,
				0364EA3A1C2FBF8400103D5A /* Frameworks */,
				0364EA3B1C2FBF8400103D5A /* Resources */,
			);
			buildRules = (
			);
			dependencies = (
				0364EA3F1C2FBF8400103D5A /* PBXTargetDependency */,
			);
			name = ReproducirVideoTests;
			productName = ReproducirVideoTests;
			productReference = 0364EA3D1C2FBF8400103D5A /* ReproducirVideoTests.xctest */;
			productType = "com.apple.product-type.bundle.unit-test";
		};
/* End PBXNativeTarget section */

/* Begin PBXProject section */
		0364EA211C2FBF8400103D5A /* Project object */ = {
			isa = PBXProject;
			attributes = {
				LastSwiftUpdateCheck = 0720;
				LastUpgradeCheck = 0720;
				ORGANIZATIONNAME = vengapps;
				TargetAttributes = {
					0364EA281C2FBF8400103D5A = {
						CreatedOnToolsVersion = 7.2;
						DevelopmentTeam = 28SLDM4ZAR;
					};
					0364EA3C1C2FBF8400103D5A = {
						CreatedOnToolsVersion = 7.2;
						DevelopmentTeam = 28SLDM4ZAR;
						TestTargetID = 0364EA281C2FBF8400103D5A;
					};
				};
			};
			buildConfigurationList = 0364EA241C2FBF8400103D5A /* Build configuration list for PBXProject "ReproducirVideo" */;
			compatibilityVersion = "Xcode 3.2";
			developmentRegion = English;
			hasScannedForEncodings = 0;
			knownRegions = (
				en,
				Base,
			);
			mainGroup = 0364EA201C2FBF8400103D5A;
			productRefGroup = 0364EA2A1C2FBF8400103D5A /* Products */;
			projectDirPath = "";
			projectRoot = "";
			targets = (
				0364EA281C2FBF8400103D5A /* ReproducirVideo */,
				0364EA3C1C2FBF8400103D5A /* ReproducirVideoTests */,
			);
		};
/* End PBXProject section */

/* Begin PBXResourcesBuildPhase section */
		0364EA271C2FBF8400103D5A /* Resources */ = {
			isa = PBXResourcesBuildPhase;
			buildActionMask = 2147483647;
			files = (
				0364EA371C2FBF8400103D5A /* LaunchScreen.storyboard in Resources */,
				0364EA341C2FBF8400103D5A /* Assets.xcassets in Resources */,
				0364EA321C2FBF8400103D5A /* Main.storyboard in Resources */,
			);
			runOnlyForDeploymentPostprocessing = 0;
		};
		0364EA3B1C2FBF8400103D5A /* Resources */ = {
			isa = PBXResourcesBuildPhase;
			buildActionMask = 2147483647;
			files = (
			);
			runOnlyForDeploymentPostprocessing = 0;
		};
/* End PBXResourcesBuildPhase section */

/* Begin PBXSourcesBuildPhase section */
		0364EA251C2FBF8400103D5A /* Sources */ = {
			isa = PBXSourcesBuildPhase;
			buildActionMask = 2147483647;
			files = (
				0364EA2F1C2FBF8400103D5A /* ViewController.swift in Sources */,
				0364EA2D1C2FBF8400103D5A /* AppDelegate.swift in Sources */,
			);
			runOnlyForDeploymentPostprocessing = 0;
		};
		0364EA391C2FBF8400103D5A /* Sources */ = {
			isa = PBXSourcesBuildPhase;
			buildActionMask = 2147483647;
			files = (
				0364EA421C2FBF8400103D5A /* ReproducirVideoTests.swift in Sources */,
			);
			runOnlyForDeploymentPostprocessing = 0;
		};
/* End PBXSourcesBuildPhase section */

/* Begin PBXTargetDependency section */
		0364EA3F1C2FBF8400103D5A /* PBXTargetDependency */ = {
			isa = PBXTargetDependency;
			target = 0364EA281C2FBF8400103D5A /* ReproducirVideo */;
			targetProxy = 0364EA3E1C2FBF8400103D5A /* PBXContainerItemProxy */;
		};
/* End PBXTargetDependency section */

/* Begin PBXVariantGroup section */
		0364EA301C2FBF8400103D5A /* Main.storyboard */ = {
			isa = PBXVariantGroup;
			children = (
				0364EA311C2FBF8400103D5A /* Base */,
			);
			name = Main.storyboard;
			sourceTree = "<group>";
		};
		0364EA351C2FBF8400103D5A /* LaunchScreen.storyboard */ = {
			isa = PBXVariantGroup;
			children = (
				0364EA361C2FBF8400103D5A /* Base */,
			);
			name = LaunchScreen.storyboard;
			sourceTree = "<group>";
		};
/* End PBXVariantGroup section */

/* Begin XCBuildConfiguration section */
		0364EA441C2FBF8400103D5A /* Debug */ = {
			isa = XCBuildConfiguration;
			buildSettings = {
				ALWAYS_SEARCH_USER_PATHS = NO;
				CLANG_CXX_LANGUAGE_STANDARD = "gnu++0x";
				CLANG_CXX_LIBRARY = "libc++";
				CLANG_ENABLE_MODULES = YES;
				CLANG_ENABLE_OBJC_ARC = YES;
				CLANG_WARN_BOOL_CONVERSION = YES;
				CLANG_WARN_CONSTANT_CONVERSION = YES;
				CLANG_WARN_DIRECT_OBJC_ISA_USAGE = YES_ERROR;
				CLANG_WARN_EMPTY_BODY = YES;
				CLANG_WARN_ENUM_CONVERSION = YES;
				CLANG_WARN_INT_CONVERSION = YES;
				CLANG_WARN_OBJC_ROOT_CLASS = YES_ERROR;
				CLANG_WARN_UNREACHABLE_CODE = YES;
				CLANG_WARN__DUPLICATE_METHOD_MATCH = YES;
				"CODE_SIGN_IDENTITY[sdk=iphoneos*]" = "iPhone Developer";
				COPY_PHASE_STRIP = NO;
				DEBUG_INFORMATION_FORMAT = dwarf;
				ENABLE_STRICT_OBJC_MSGSEND = YES;
				ENABLE_TESTABILITY = YES;
				GCC_C_LANGUAGE_STANDARD = gnu99;
				GCC_DYNAMIC_NO_PIC = NO;
				GCC_NO_COMMON_BLOCKS = YES;
				GCC_OPTIMIZATION_LEVEL = 0;
				GCC_PREPROCESSOR_DEFINITIONS = (
					"DEBUG=1",
					"$(inherited)",
				);
				GCC_WARN_64_TO_32_BIT_CONVERSION = YES;
				GCC_WARN_ABOUT_RETURN_TYPE = YES_ERROR;
				GCC_WARN_UNDECLARED_SELECTOR = YES;
				GCC_WARN_UNINITIALIZED_AUTOS = YES_AGGRESSIVE;
				GCC_WARN_UNUSED_FUNCTION = YES;
				GCC_WARN_UNUSED_VARIABLE = YES;
				IPHONEOS_DEPLOYMENT_TARGET = 9.2;
				MTL_ENABLE_DEBUG_INFO = YES;
				ONLY_ACTIVE_ARCH = YES;
				SDKROOT = iphoneos;
				SWIFT_OPTIMIZATION_LEVEL = "-Onone";
			};
			name = Debug;
		};
		0364EA451C2FBF8400103D5A /* Release */ = {
			isa = XCBuildConfiguration;
			buildSettings = {
				ALWAYS_SEARCH_USER_PATHS = NO;
				CLANG_CXX_LANGUAGE_STANDARD = "gnu++0x";
				CLANG_CXX_LIBRARY = "libc++";
				CLANG_ENABLE_MODULES = YES;
				CLANG_ENABLE_OBJC_ARC = YES;
				CLANG_WARN_BOOL_CONVERSION = YES;
				CLANG_WARN_CONSTANT_CONVERSION = YES;
				CLANG_WARN_DIRECT_OBJC_ISA_USAGE = YES_ERROR;
				CLANG_WARN_EMPTY_BODY = YES;
				CLANG_WARN_ENUM_CONVERSION = YES;
				CLANG_WARN_INT_CONVERSION = YES;
				CLANG_WARN_OBJC_ROOT_CLASS = YES_ERROR;
				CLANG_WARN_UNREACHABLE_CODE = YES;
				CLANG_WARN__DUPLICATE_METHOD_MATCH = YES;
				"CODE_SIGN_IDENTITY[sdk=iphoneos*]" = "iPhone Developer";
				COPY_PHASE_STRIP = NO;
				DEBUG_INFORMATION_FORMAT = "dwarf-with-dsym";
				ENABLE_NS_ASSERTIONS = NO;
				ENABLE_STRICT_OBJC_MSGSEND = YES;
				GCC_C_LANGUAGE_STANDARD = gnu99;
				GCC_NO_COMMON_BLOCKS = YES;
				GCC_WARN_64_TO_32_BIT_CONVERSION = YES;
				GCC_WARN_ABOUT_RETURN_TYPE = YES_ERROR;
				GCC_WARN_UNDECLARED_SELECTOR = YES;
				GCC_WARN_UNINITIALIZED_AUTOS = YES_AGGRESSIVE;
				GCC_WARN_UNUSED_FUNCTION = YES;
				GCC_WARN_UNUSED_VARIABLE = YES;
				IPHONEOS_DEPLOYMENT_TARGET = 9.2;
				MTL_ENABLE_DEBUG_INFO = NO;
				SDKROOT = iphoneos;
				VALIDATE_PRODUCT = YES;
			};
			name = Release;
		};
		0364EA471C2FBF8400103D5A /* Debug */ = {
			isa = XCBuildConfiguration;
			buildSettings = {
				ASSETCATALOG_COMPILER_APPICON_NAME = AppIcon;
				INFOPLIST_FILE = ReproducirVideo/Info.plist;
				LD_RUNPATH_SEARCH_PATHS = "$(inherited) @executable_path/Frameworks";
				PRODUCT_BUNDLE_IDENTIFIER = com.vengapps.ReproducirVideo;
				PRODUCT_NAME = "$(TARGET_NAME)";
			};
			name = Debug;
		};
		0364EA481C2FBF8400103D5A /* Release */ = {
			isa = XCBuildConfiguration;
			buildSettings = {
				ASSETCATALOG_COMPILER_APPICON_NAME = AppIcon;
				INFOPLIST_FILE = ReproducirVideo/Info.plist;
				LD_RUNPATH_SEARCH_PATHS = "$(inherited) @executable_path/Frameworks";
				PRODUCT_BUNDLE_IDENTIFIER = com.vengapps.ReproducirVideo;
				PRODUCT_NAME = "$(TARGET_NAME)";
			};
			name = Release;
		};
		0364EA4A1C2FBF8400103D5A /* Debug */ = {
			isa = XCBuildConfiguration;
			buildSettings = {
				BUNDLE_LOADER = "$(TEST_HOST)";
				INFOPLIST_FILE = ReproducirVideoTests/Info.plist;
				LD_RUNPATH_SEARCH_PATHS = "$(inherited) @executable_path/Frameworks @loader_path/Frameworks";
				PRODUCT_BUNDLE_IDENTIFIER = com.vengapps.ReproducirVideoTests;
				PRODUCT_NAME = "$(TARGET_NAME)";
				TEST_HOST = "$(BUILT_PRODUCTS_DIR)/ReproducirVideo.app/ReproducirVideo";
			};
			name = Debug;
		};
		0364EA4B1C2FBF8400103D5A /* Release */ = {
			isa = XCBuildConfiguration;
			buildSettings = {
				BUNDLE_LOADER = "$(TEST_HOST)";
				INFOPLIST_FILE = ReproducirVideoTests/Info.plist;
				LD_RUNPATH_SEARCH_PATHS = "$(inherited) @executable_path/Frameworks @loader_path/Frameworks";
				PRODUCT_BUNDLE_IDENTIFIER = com.vengapps.ReproducirVideoTests;
				PRODUCT_NAME = "$(TARGET_NAME)";
				TEST_HOST = "$(BUILT_PRODUCTS_DIR)/ReproducirVideo.app/ReproducirVideo";
			};
			name = Release;
		};
/* End XCBuildConfiguration section */

/* Begin XCConfigurationList section */
		0364EA241C2FBF8400103D5A /* Build configuration list for PBXProject "ReproducirVideo" */ = {
			isa = XCConfigurationList;
			buildConfigurations = (
				0364EA441C2FBF8400103D5A /* Debug */,
				0364EA451C2FBF8400103D5A /* Release */,
			);
			defaultConfigurationIsVisible = 0;
			defaultConfigurationName = Release;
		};
		0364EA461C2FBF8400103D5A /* Build configuration list for PBXNativeTarget "ReproducirVideo" */ = {
			isa = XCConfigurationList;
			buildConfigurations = (
				0364EA471C2FBF8400103D5A /* Debug */,
				0364EA481C2FBF8400103D5A /* Release */,
			);
			defaultConfigurationIsVisible = 0;
		};
		0364EA491C2FBF8400103D5A /* Build configuration list for PBXNativeTarget "ReproducirVideoTests" */ = {
			isa = XCConfigurationList;
			buildConfigurations = (
				0364EA4A1C2FBF8400103D5A /* Debug */,
				0364EA4B1C2FBF8400103D5A /* Release */,
			);
			defaultConfigurationIsVisible = 0;
		};
/* End XCConfigurationList section */
	};
	rootObject = 0364EA211C2FBF8400103D5A /* Project object */;
}
