// !$*UTF8*$!
{
	archiveVersion = 1;
	classes = {
	};
	objectVersion = 46;
	objects = {

/* Begin PBXBuildFile section */
		037F659F1C4C9E7500BEF4EA /* AppDelegate.swift in Sources */ = {isa = PBXBuildFile; fileRef = 037F659E1C4C9E7500BEF4EA /* AppDelegate.swift */; };
		037F65A11C4C9E7500BEF4EA /* ViewController.swift in Sources */ = {isa = PBXBuildFile; fileRef = 037F65A01C4C9E7500BEF4EA /* ViewController.swift */; };
		037F65A41C4C9E7500BEF4EA /* Main.storyboard in Resources */ = {isa = PBXBuildFile; fileRef = 037F65A21C4C9E7500BEF4EA /* Main.storyboard */; };
		037F65A71C4C9E7500BEF4EA /* ejemploMapa.xcdatamodeld in Sources */ = {isa = PBXBuildFile; fileRef = 037F65A51C4C9E7500BEF4EA /* ejemploMapa.xcdatamodeld */; };
		037F65A91C4C9E7500BEF4EA /* Assets.xcassets in Resources */ = {isa = PBXBuildFile; fileRef = 037F65A81C4C9E7500BEF4EA /* Assets.xcassets */; };
		037F65AC1C4C9E7500BEF4EA /* LaunchScreen.storyboard in Resources */ = {isa = PBXBuildFile; fileRef = 037F65AA1C4C9E7500BEF4EA /* LaunchScreen.storyboard */; };
/* End PBXBuildFile section */

/* Begin PBXFileReference section */
		037F659B1C4C9E7500BEF4EA /* ejemploMapa.app */ = {isa = PBXFileReference; explicitFileType = wrapper.application; includeInIndex = 0; path = ejemploMapa.app; sourceTree = BUILT_PRODUCTS_DIR; };
		037F659E1C4C9E7500BEF4EA /* AppDelegate.swift */ = {isa = PBXFileReference; lastKnownFileType = sourcecode.swift; path = AppDelegate.swift; sourceTree = "<group>"; };
		037F65A01C4C9E7500BEF4EA /* ViewController.swift */ = {isa = PBXFileReference; lastKnownFileType = sourcecode.swift; path = ViewController.swift; sourceTree = "<group>"; };
		037F65A31C4C9E7500BEF4EA /* Base */ = {isa = PBXFileReference; lastKnownFileType = file.storyboard; name = Base; path = Base.lproj/Main.storyboard; sourceTree = "<group>"; };
		037F65A61C4C9E7500BEF4EA /* ejemploMapa.xcdatamodel */ = {isa = PBXFileReference; lastKnownFileType = wrapper.xcdatamodel; path = ejemploMapa.xcdatamodel; sourceTree = "<group>"; };
		037F65A81C4C9E7500BEF4EA /* Assets.xcassets */ = {isa = PBXFileReference; lastKnownFileType = folder.assetcatalog; path = Assets.xcassets; sourceTree = "<group>"; };
		037F65AB1C4C9E7500BEF4EA /* Base */ = {isa = PBXFileReference; lastKnownFileType = file.storyboard; name = Base; path = Base.lproj/LaunchScreen.storyboard; sourceTree = "<group>"; };
		037F65AD1C4C9E7500BEF4EA /* Info.plist */ = {isa = PBXFileReference; lastKnownFileType = text.plist.xml; path = Info.plist; sourceTree = "<group>"; };
/* End PBXFileReference section */

/* Begin PBXFrameworksBuildPhase section */
		037F65981C4C9E7500BEF4EA /* Frameworks */ = {
			isa = PBXFrameworksBuildPhase;
			buildActionMask = 2147483647;
			files = (
			);
			runOnlyForDeploymentPostprocessing = 0;
		};
/* End PBXFrameworksBuildPhase section */

/* Begin PBXGroup section */
		037F65921C4C9E7500BEF4EA = {
			isa = PBXGroup;
			children = (
				037F659D1C4C9E7500BEF4EA /* ejemploMapa */,
				037F659C1C4C9E7500BEF4EA /* Products */,
			);
			sourceTree = "<group>";
		};
		037F659C1C4C9E7500BEF4EA /* Products */ = {
			isa = PBXGroup;
			children = (
				037F659B1C4C9E7500BEF4EA /* ejemploMapa.app */,
			);
			name = Products;
			sourceTree = "<group>";
		};
		037F659D1C4C9E7500BEF4EA /* ejemploMapa */ = {
			isa = PBXGroup;
			children = (
				037F659E1C4C9E7500BEF4EA /* AppDelegate.swift */,
				037F65A01C4C9E7500BEF4EA /* ViewController.swift */,
				037F65A21C4C9E7500BEF4EA /* Main.storyboard */,
				037F65A81C4C9E7500BEF4EA /* Assets.xcassets */,
				037F65AA1C4C9E7500BEF4EA /* LaunchScreen.storyboard */,
				037F65AD1C4C9E7500BEF4EA /* Info.plist */,
				037F65A51C4C9E7500BEF4EA /* ejemploMapa.xcdatamodeld */,
			);
			path = ejemploMapa;
			sourceTree = "<group>";
		};
/* End PBXGroup section */

/* Begin PBXNativeTarget section */
		037F659A1C4C9E7500BEF4EA /* ejemploMapa */ = {
			isa = PBXNativeTarget;
			buildConfigurationList = 037F65B01C4C9E7500BEF4EA /* Build configuration list for PBXNativeTarget "ejemploMapa" */;
			buildPhases = (
				037F65971C4C9E7500BEF4EA /* Sources */,
				037F65981C4C9E7500BEF4EA /* Frameworks */,
				037F65991C4C9E7500BEF4EA /* Resources */,
			);
			buildRules = (
			);
			dependencies = (
			);
			name = ejemploMapa;
			productName = ejemploMapa;
			productReference = 037F659B1C4C9E7500BEF4EA /* ejemploMapa.app */;
			productType = "com.apple.product-type.application";
		};
/* End PBXNativeTarget section */

/* Begin PBXProject section */
		037F65931C4C9E7500BEF4EA /* Project object */ = {
			isa = PBXProject;
			attributes = {
				LastSwiftUpdateCheck = 0720;
				LastUpgradeCheck = 0720;
				ORGANIZATIONNAME = vengapps;
				TargetAttributes = {
					037F659A1C4C9E7500BEF4EA = {
						CreatedOnToolsVersion = 7.2;
						DevelopmentTeam = 28SLDM4ZAR;
					};
				};
			};
			buildConfigurationList = 037F65961C4C9E7500BEF4EA /* Build configuration list for PBXProject "ejemploMapa" */;
			compatibilityVersion = "Xcode 3.2";
			developmentRegion = English;
			hasScannedForEncodings = 0;
			knownRegions = (
				en,
				Base,
			);
			mainGroup = 037F65921C4C9E7500BEF4EA;
			productRefGroup = 037F659C1C4C9E7500BEF4EA /* Products */;
			projectDirPath = "";
			projectRoot = "";
			targets = (
				037F659A1C4C9E7500BEF4EA /* ejemploMapa */,
			);
		};
/* End PBXProject section */

/* Begin PBXResourcesBuildPhase section */
		037F65991C4C9E7500BEF4EA /* Resources */ = {
			isa = PBXResourcesBuildPhase;
			buildActionMask = 2147483647;
			files = (
				037F65AC1C4C9E7500BEF4EA /* LaunchScreen.storyboard in Resources */,
				037F65A91C4C9E7500BEF4EA /* Assets.xcassets in Resources */,
				037F65A41C4C9E7500BEF4EA /* Main.storyboard in Resources */,
			);
			runOnlyForDeploymentPostprocessing = 0;
		};
/* End PBXResourcesBuildPhase section */

/* Begin PBXSourcesBuildPhase section */
		037F65971C4C9E7500BEF4EA /* Sources */ = {
			isa = PBXSourcesBuildPhase;
			buildActionMask = 2147483647;
			files = (
				037F65A11C4C9E7500BEF4EA /* ViewController.swift in Sources */,
				037F659F1C4C9E7500BEF4EA /* AppDelegate.swift in Sources */,
				037F65A71C4C9E7500BEF4EA /* ejemploMapa.xcdatamodeld in Sources */,
			);
			runOnlyForDeploymentPostprocessing = 0;
		};
/* End PBXSourcesBuildPhase section */

/* Begin PBXVariantGroup section */
		037F65A21C4C9E7500BEF4EA /* Main.storyboard */ = {
			isa = PBXVariantGroup;
			children = (
				037F65A31C4C9E7500BEF4EA /* Base */,
			);
			name = Main.storyboard;
			sourceTree = "<group>";
		};
		037F65AA1C4C9E7500BEF4EA /* LaunchScreen.storyboard */ = {
			isa = PBXVariantGroup;
			children = (
				037F65AB1C4C9E7500BEF4EA /* Base */,
			);
			name = LaunchScreen.storyboard;
			sourceTree = "<group>";
		};
/* End PBXVariantGroup section */

/* Begin XCBuildConfiguration section */
		037F65AE1C4C9E7500BEF4EA /* Debug */ = {
			isa = XCBuildConfiguration;
			buildSettings = {
				ALWAYS_SEARCH_USER_PATHS = NO;
				CLANG_CXX_LANGUAGE_STANDARD = "gnu++0x";
				CLANG_CXX_LIBRARY = "libc++";
				CLANG_ENABLE_MODULES = YES;
				CLANG_ENABLE_OBJC_ARC = YES;
				CLANG_WARN_BOOL_CONVERSION = YES;
				CLANG_WARN_CONSTANT_CONVERSION = YES;
				CLANG_WARN_DIRECT_OBJC_ISA_USAGE = YES_ERROR;
				CLANG_WARN_EMPTY_BODY = YES;
				CLANG_WARN_ENUM_CONVERSION = YES;
				CLANG_WARN_INT_CONVERSION = YES;
				CLANG_WARN_OBJC_ROOT_CLASS = YES_ERROR;
				CLANG_WARN_UNREACHABLE_CODE = YES;
				CLANG_WARN__DUPLICATE_METHOD_MATCH = YES;
				"CODE_SIGN_IDENTITY[sdk=iphoneos*]" = "iPhone Developer";
				COPY_PHASE_STRIP = NO;
				DEBUG_INFORMATION_FORMAT = dwarf;
				ENABLE_STRICT_OBJC_MSGSEND = YES;
				ENABLE_TESTABILITY = YES;
				GCC_C_LANGUAGE_STANDARD = gnu99;
				GCC_DYNAMIC_NO_PIC = NO;
				GCC_NO_COMMON_BLOCKS = YES;
				GCC_OPTIMIZATION_LEVEL = 0;
				GCC_PREPROCESSOR_DEFINITIONS = (
					"DEBUG=1",
					"$(inherited)",
				);
				GCC_WARN_64_TO_32_BIT_CONVERSION = YES;
				GCC_WARN_ABOUT_RETURN_TYPE = YES_ERROR;
				GCC_WARN_UNDECLARED_SELECTOR = YES;
				GCC_WARN_UNINITIALIZED_AUTOS = YES_AGGRESSIVE;
				GCC_WARN_UNUSED_FUNCTION = YES;
				GCC_WARN_UNUSED_VARIABLE = YES;
				IPHONEOS_DEPLOYMENT_TARGET = 9.2;
				MTL_ENABLE_DEBUG_INFO = YES;
				ONLY_ACTIVE_ARCH = YES;
				SDKROOT = iphoneos;
				SWIFT_OPTIMIZATION_LEVEL = "-Onone";
				TARGETED_DEVICE_FAMILY = "1,2";
			};
			name = Debug;
		};
		037F65AF1C4C9E7500BEF4EA /* Release */ = {
			isa = XCBuildConfiguration;
			buildSettings = {
				ALWAYS_SEARCH_USER_PATHS = NO;
				CLANG_CXX_LANGUAGE_STANDARD = "gnu++0x";
				CLANG_CXX_LIBRARY = "libc++";
				CLANG_ENABLE_MODULES = YES;
				CLANG_ENABLE_OBJC_ARC = YES;
				CLANG_WARN_BOOL_CONVERSION = YES;
				CLANG_WARN_CONSTANT_CONVERSION = YES;
				CLANG_WARN_DIRECT_OBJC_ISA_USAGE = YES_ERROR;
				CLANG_WARN_EMPTY_BODY = YES;
				CLANG_WARN_ENUM_CONVERSION = YES;
				CLANG_WARN_INT_CONVERSION = YES;
				CLANG_WARN_OBJC_ROOT_CLASS = YES_ERROR;
				CLANG_WARN_UNREACHABLE_CODE = YES;
				CLANG_WARN__DUPLICATE_METHOD_MATCH = YES;
				"CODE_SIGN_IDENTITY[sdk=iphoneos*]" = "iPhone Developer";
				COPY_PHASE_STRIP = NO;
				DEBUG_INFORMATION_FORMAT = "dwarf-with-dsym";
				ENABLE_NS_ASSERTIONS = NO;
				ENABLE_STRICT_OBJC_MSGSEND = YES;
				GCC_C_LANGUAGE_STANDARD = gnu99;
				GCC_NO_COMMON_BLOCKS = YES;
				GCC_WARN_64_TO_32_BIT_CONVERSION = YES;
				GCC_WARN_ABOUT_RETURN_TYPE = YES_ERROR;
				GCC_WARN_UNDECLARED_SELECTOR = YES;
				GCC_WARN_UNINITIALIZED_AUTOS = YES_AGGRESSIVE;
				GCC_WARN_UNUSED_FUNCTION = YES;
				GCC_WARN_UNUSED_VARIABLE = YES;
				IPHONEOS_DEPLOYMENT_TARGET = 9.2;
				MTL_ENABLE_DEBUG_INFO = NO;
				SDKROOT = iphoneos;
				TARGETED_DEVICE_FAMILY = "1,2";
				VALIDATE_PRODUCT = YES;
			};
			name = Release;
		};
		037F65B11C4C9E7500BEF4EA /* Debug */ = {
			isa = XCBuildConfiguration;
			buildSettings = {
				ASSETCATALOG_COMPILER_APPICON_NAME = AppIcon;
				INFOPLIST_FILE = ejemploMapa/Info.plist;
				LD_RUNPATH_SEARCH_PATHS = "$(inherited) @executable_path/Frameworks";
				PRODUCT_BUNDLE_IDENTIFIER = com.vengapps.ejemploMapa;
				PRODUCT_NAME = "$(TARGET_NAME)";
			};
			name = Debug;
		};
		037F65B21C4C9E7500BEF4EA /* Release */ = {
			isa = XCBuildConfiguration;
			buildSettings = {
				ASSETCATALOG_COMPILER_APPICON_NAME = AppIcon;
				INFOPLIST_FILE = ejemploMapa/Info.plist;
				LD_RUNPATH_SEARCH_PATHS = "$(inherited) @executable_path/Frameworks";
				PRODUCT_BUNDLE_IDENTIFIER = com.vengapps.ejemploMapa;
				PRODUCT_NAME = "$(TARGET_NAME)";
			};
			name = Release;
		};
/* End XCBuildConfiguration section */

/* Begin XCConfigurationList section */
		037F65961C4C9E7500BEF4EA /* Build configuration list for PBXProject "ejemploMapa" */ = {
			isa = XCConfigurationList;
			buildConfigurations = (
				037F65AE1C4C9E7500BEF4EA /* Debug */,
				037F65AF1C4C9E7500BEF4EA /* Release */,
			);
			defaultConfigurationIsVisible = 0;
			defaultConfigurationName = Release;
		};
		037F65B01C4C9E7500BEF4EA /* Build configuration list for PBXNativeTarget "ejemploMapa" */ = {
			isa = XCConfigurationList;
			buildConfigurations = (
				037F65B11C4C9E7500BEF4EA /* Debug */,
				037F65B21C4C9E7500BEF4EA /* Release */,
			);
			defaultConfigurationIsVisible = 0;
		};
/* End XCConfigurationList section */

/* Begin XCVersionGroup section */
		037F65A51C4C9E7500BEF4EA /* ejemploMapa.xcdatamodeld */ = {
			isa = XCVersionGroup;
			children = (
				037F65A61C4C9E7500BEF4EA /* ejemploMapa.xcdatamodel */,
			);
			currentVersion = 037F65A61C4C9E7500BEF4EA /* ejemploMapa.xcdatamodel */;
			path = ejemploMapa.xcdatamodeld;
			sourceTree = "<group>";
			versionGroupType = wrapper.xcdatamodel;
		};
/* End XCVersionGroup section */
	};
	rootObject = 037F65931C4C9E7500BEF4EA /* Project object */;
}
