// !$*UTF8*$!
{
	archiveVersion = 1;
	classes = {
	};
	objectVersion = 46;
	objects = {

/* Begin PBXBuildFile section */
		031580C21C2E3C1300F26416 /* AppDelegate.swift in Sources */ = {isa = PBXBuildFile; fileRef = 031580C11C2E3C1300F26416 /* AppDelegate.swift */; };
		031580C41C2E3C1300F26416 /* ViewController.swift in Sources */ = {isa = PBXBuildFile; fileRef = 031580C31C2E3C1300F26416 /* ViewController.swift */; };
		031580C71C2E3C1300F26416 /* Main.storyboard in Resources */ = {isa = PBXBuildFile; fileRef = 031580C51C2E3C1300F26416 /* Main.storyboard */; };
		031580C91C2E3C1300F26416 /* Assets.xcassets in Resources */ = {isa = PBXBuildFile; fileRef = 031580C81C2E3C1300F26416 /* Assets.xcassets */; };
		031580CC1C2E3C1300F26416 /* LaunchScreen.storyboard in Resources */ = {isa = PBXBuildFile; fileRef = 031580CA1C2E3C1300F26416 /* LaunchScreen.storyboard */; };
		031580D71C2E3C1300F26416 /* Ejemplo_de_ClimaTests.swift in Sources */ = {isa = PBXBuildFile; fileRef = 031580D61C2E3C1300F26416 /* Ejemplo_de_ClimaTests.swift */; };
/* End PBXBuildFile section */

/* Begin PBXContainerItemProxy section */
		031580D31C2E3C1300F26416 /* PBXContainerItemProxy */ = {
			isa = PBXContainerItemProxy;
			containerPortal = 031580B61C2E3C1300F26416 /* Project object */;
			proxyType = 1;
			remoteGlobalIDString = 031580BD1C2E3C1300F26416;
			remoteInfo = "Ejemplo de Clima";
		};
/* End PBXContainerItemProxy section */

/* Begin PBXFileReference section */
		031580BE1C2E3C1300F26416 /* Ejemplo de Clima.app */ = {isa = PBXFileReference; explicitFileType = wrapper.application; includeInIndex = 0; path = "Ejemplo de Clima.app"; sourceTree = BUILT_PRODUCTS_DIR; };
		031580C11C2E3C1300F26416 /* AppDelegate.swift */ = {isa = PBXFileReference; lastKnownFileType = sourcecode.swift; path = AppDelegate.swift; sourceTree = "<group>"; };
		031580C31C2E3C1300F26416 /* ViewController.swift */ = {isa = PBXFileReference; lastKnownFileType = sourcecode.swift; path = ViewController.swift; sourceTree = "<group>"; };
		031580C61C2E3C1300F26416 /* Base */ = {isa = PBXFileReference; lastKnownFileType = file.storyboard; name = Base; path = Base.lproj/Main.storyboard; sourceTree = "<group>"; };
		031580C81C2E3C1300F26416 /* Assets.xcassets */ = {isa = PBXFileReference; lastKnownFileType = folder.assetcatalog; path = Assets.xcassets; sourceTree = "<group>"; };
		031580CB1C2E3C1300F26416 /* Base */ = {isa = PBXFileReference; lastKnownFileType = file.storyboard; name = Base; path = Base.lproj/LaunchScreen.storyboard; sourceTree = "<group>"; };
		031580CD1C2E3C1300F26416 /* Info.plist */ = {isa = PBXFileReference; lastKnownFileType = text.plist.xml; path = Info.plist; sourceTree = "<group>"; };
		031580D21C2E3C1300F26416 /* Ejemplo de ClimaTests.xctest */ = {isa = PBXFileReference; explicitFileType = wrapper.cfbundle; includeInIndex = 0; path = "Ejemplo de ClimaTests.xctest"; sourceTree = BUILT_PRODUCTS_DIR; };
		031580D61C2E3C1300F26416 /* Ejemplo_de_ClimaTests.swift */ = {isa = PBXFileReference; lastKnownFileType = sourcecode.swift; path = Ejemplo_de_ClimaTests.swift; sourceTree = "<group>"; };
		031580D81C2E3C1300F26416 /* Info.plist */ = {isa = PBXFileReference; lastKnownFileType = text.plist.xml; path = Info.plist; sourceTree = "<group>"; };
/* End PBXFileReference section */

/* Begin PBXFrameworksBuildPhase section */
		031580BB1C2E3C1300F26416 /* Frameworks */ = {
			isa = PBXFrameworksBuildPhase;
			buildActionMask = 2147483647;
			files = (
			);
			runOnlyForDeploymentPostprocessing = 0;
		};
		031580CF1C2E3C1300F26416 /* Frameworks */ = {
			isa = PBXFrameworksBuildPhase;
			buildActionMask = 2147483647;
			files = (
			);
			runOnlyForDeploymentPostprocessing = 0;
		};
/* End PBXFrameworksBuildPhase section */

/* Begin PBXGroup section */
		031580B51C2E3C1300F26416 = {
			isa = PBXGroup;
			children = (
				031580C01C2E3C1300F26416 /* Ejemplo de Clima */,
				031580D51C2E3C1300F26416 /* Ejemplo de ClimaTests */,
				031580BF1C2E3C1300F26416 /* Products */,
			);
			sourceTree = "<group>";
		};
		031580BF1C2E3C1300F26416 /* Products */ = {
			isa = PBXGroup;
			children = (
				031580BE1C2E3C1300F26416 /* Ejemplo de Clima.app */,
				031580D21C2E3C1300F26416 /* Ejemplo de ClimaTests.xctest */,
			);
			name = Products;
			sourceTree = "<group>";
		};
		031580C01C2E3C1300F26416 /* Ejemplo de Clima */ = {
			isa = PBXGroup;
			children = (
				031580C11C2E3C1300F26416 /* AppDelegate.swift */,
				031580C31C2E3C1300F26416 /* ViewController.swift */,
				031580C51C2E3C1300F26416 /* Main.storyboard */,
				031580C81C2E3C1300F26416 /* Assets.xcassets */,
				031580CA1C2E3C1300F26416 /* LaunchScreen.storyboard */,
				031580CD1C2E3C1300F26416 /* Info.plist */,
			);
			path = "Ejemplo de Clima";
			sourceTree = "<group>";
		};
		031580D51C2E3C1300F26416 /* Ejemplo de ClimaTests */ = {
			isa = PBXGroup;
			children = (
				031580D61C2E3C1300F26416 /* Ejemplo_de_ClimaTests.swift */,
				031580D81C2E3C1300F26416 /* Info.plist */,
			);
			path = "Ejemplo de ClimaTests";
			sourceTree = "<group>";
		};
/* End PBXGroup section */

/* Begin PBXNativeTarget section */
		031580BD1C2E3C1300F26416 /* Ejemplo de Clima */ = {
			isa = PBXNativeTarget;
			buildConfigurationList = 031580DB1C2E3C1300F26416 /* Build configuration list for PBXNativeTarget "Ejemplo de Clima" */;
			buildPhases = (
				031580BA1C2E3C1300F26416 /* Sources */,
				031580BB1C2E3C1300F26416 /* Frameworks */,
				031580BC1C2E3C1300F26416 /* Resources */,
			);
			buildRules = (
			);
			dependencies = (
			);
			name = "Ejemplo de Clima";
			productName = "Ejemplo de Clima";
			productReference = 031580BE1C2E3C1300F26416 /* Ejemplo de Clima.app */;
			productType = "com.apple.product-type.application";
		};
		031580D11C2E3C1300F26416 /* Ejemplo de ClimaTests */ = {
			isa = PBXNativeTarget;
			buildConfigurationList = 031580DE1C2E3C1300F26416 /* Build configuration list for PBXNativeTarget "Ejemplo de ClimaTests" */;
			buildPhases = (
				031580CE1C2E3C1300F26416 /* Sources */,
				031580CF1C2E3C1300F26416 /* Frameworks */,
				031580D01C2E3C1300F26416 /* Resources */,
			);
			buildRules = (
			);
			dependencies = (
				031580D41C2E3C1300F26416 /* PBXTargetDependency */,
			);
			name = "Ejemplo de ClimaTests";
			productName = "Ejemplo de ClimaTests";
			productReference = 031580D21C2E3C1300F26416 /* Ejemplo de ClimaTests.xctest */;
			productType = "com.apple.product-type.bundle.unit-test";
		};
/* End PBXNativeTarget section */

/* Begin PBXProject section */
		031580B61C2E3C1300F26416 /* Project object */ = {
			isa = PBXProject;
			attributes = {
				LastSwiftUpdateCheck = 0720;
				LastUpgradeCheck = 0720;
				ORGANIZATIONNAME = vengapps;
				TargetAttributes = {
					031580BD1C2E3C1300F26416 = {
						CreatedOnToolsVersion = 7.2;
						DevelopmentTeam = 28SLDM4ZAR;
					};
					031580D11C2E3C1300F26416 = {
						CreatedOnToolsVersion = 7.2;
						DevelopmentTeam = 28SLDM4ZAR;
						TestTargetID = 031580BD1C2E3C1300F26416;
					};
				};
			};
			buildConfigurationList = 031580B91C2E3C1300F26416 /* Build configuration list for PBXProject "Ejemplo de Clima" */;
			compatibilityVersion = "Xcode 3.2";
			developmentRegion = English;
			hasScannedForEncodings = 0;
			knownRegions = (
				en,
				Base,
			);
			mainGroup = 031580B51C2E3C1300F26416;
			productRefGroup = 031580BF1C2E3C1300F26416 /* Products */;
			projectDirPath = "";
			projectRoot = "";
			targets = (
				031580BD1C2E3C1300F26416 /* Ejemplo de Clima */,
				031580D11C2E3C1300F26416 /* Ejemplo de ClimaTests */,
			);
		};
/* End PBXProject section */

/* Begin PBXResourcesBuildPhase section */
		031580BC1C2E3C1300F26416 /* Resources */ = {
			isa = PBXResourcesBuildPhase;
			buildActionMask = 2147483647;
			files = (
				031580CC1C2E3C1300F26416 /* LaunchScreen.storyboard in Resources */,
				031580C91C2E3C1300F26416 /* Assets.xcassets in Resources */,
				031580C71C2E3C1300F26416 /* Main.storyboard in Resources */,
			);
			runOnlyForDeploymentPostprocessing = 0;
		};
		031580D01C2E3C1300F26416 /* Resources */ = {
			isa = PBXResourcesBuildPhase;
			buildActionMask = 2147483647;
			files = (
			);
			runOnlyForDeploymentPostprocessing = 0;
		};
/* End PBXResourcesBuildPhase section */

/* Begin PBXSourcesBuildPhase section */
		031580BA1C2E3C1300F26416 /* Sources */ = {
			isa = PBXSourcesBuildPhase;
			buildActionMask = 2147483647;
			files = (
				031580C41C2E3C1300F26416 /* ViewController.swift in Sources */,
				031580C21C2E3C1300F26416 /* AppDelegate.swift in Sources */,
			);
			runOnlyForDeploymentPostprocessing = 0;
		};
		031580CE1C2E3C1300F26416 /* Sources */ = {
			isa = PBXSourcesBuildPhase;
			buildActionMask = 2147483647;
			files = (
				031580D71C2E3C1300F26416 /* Ejemplo_de_ClimaTests.swift in Sources */,
			);
			runOnlyForDeploymentPostprocessing = 0;
		};
/* End PBXSourcesBuildPhase section */

/* Begin PBXTargetDependency section */
		031580D41C2E3C1300F26416 /* PBXTargetDependency */ = {
			isa = PBXTargetDependency;
			target = 031580BD1C2E3C1300F26416 /* Ejemplo de Clima */;
			targetProxy = 031580D31C2E3C1300F26416 /* PBXContainerItemProxy */;
		};
/* End PBXTargetDependency section */

/* Begin PBXVariantGroup section */
		031580C51C2E3C1300F26416 /* Main.storyboard */ = {
			isa = PBXVariantGroup;
			children = (
				031580C61C2E3C1300F26416 /* Base */,
			);
			name = Main.storyboard;
			sourceTree = "<group>";
		};
		031580CA1C2E3C1300F26416 /* LaunchScreen.storyboard */ = {
			isa = PBXVariantGroup;
			children = (
				031580CB1C2E3C1300F26416 /* Base */,
			);
			name = LaunchScreen.storyboard;
			sourceTree = "<group>";
		};
/* End PBXVariantGroup section */

/* Begin XCBuildConfiguration section */
		031580D91C2E3C1300F26416 /* Debug */ = {
			isa = XCBuildConfiguration;
			buildSettings = {
				ALWAYS_SEARCH_USER_PATHS = NO;
				CLANG_CXX_LANGUAGE_STANDARD = "gnu++0x";
				CLANG_CXX_LIBRARY = "libc++";
				CLANG_ENABLE_MODULES = YES;
				CLANG_ENABLE_OBJC_ARC = YES;
				CLANG_WARN_BOOL_CONVERSION = YES;
				CLANG_WARN_CONSTANT_CONVERSION = YES;
				CLANG_WARN_DIRECT_OBJC_ISA_USAGE = YES_ERROR;
				CLANG_WARN_EMPTY_BODY = YES;
				CLANG_WARN_ENUM_CONVERSION = YES;
				CLANG_WARN_INT_CONVERSION = YES;
				CLANG_WARN_OBJC_ROOT_CLASS = YES_ERROR;
				CLANG_WARN_UNREACHABLE_CODE = YES;
				CLANG_WARN__DUPLICATE_METHOD_MATCH = YES;
				"CODE_SIGN_IDENTITY[sdk=iphoneos*]" = "iPhone Developer";
				COPY_PHASE_STRIP = NO;
				DEBUG_INFORMATION_FORMAT = dwarf;
				ENABLE_STRICT_OBJC_MSGSEND = YES;
				ENABLE_TESTABILITY = YES;
				GCC_C_LANGUAGE_STANDARD = gnu99;
				GCC_DYNAMIC_NO_PIC = NO;
				GCC_NO_COMMON_BLOCKS = YES;
				GCC_OPTIMIZATION_LEVEL = 0;
				GCC_PREPROCESSOR_DEFINITIONS = (
					"DEBUG=1",
					"$(inherited)",
				);
				GCC_WARN_64_TO_32_BIT_CONVERSION = YES;
				GCC_WARN_ABOUT_RETURN_TYPE = YES_ERROR;
				GCC_WARN_UNDECLARED_SELECTOR = YES;
				GCC_WARN_UNINITIALIZED_AUTOS = YES_AGGRESSIVE;
				GCC_WARN_UNUSED_FUNCTION = YES;
				GCC_WARN_UNUSED_VARIABLE = YES;
				IPHONEOS_DEPLOYMENT_TARGET = 9.2;
				MTL_ENABLE_DEBUG_INFO = YES;
				ONLY_ACTIVE_ARCH = YES;
				SDKROOT = iphoneos;
				SWIFT_OPTIMIZATION_LEVEL = "-Onone";
				TARGETED_DEVICE_FAMILY = "1,2";
			};
			name = Debug;
		};
		031580DA1C2E3C1300F26416 /* Release */ = {
			isa = XCBuildConfiguration;
			buildSettings = {
				ALWAYS_SEARCH_USER_PATHS = NO;
				CLANG_CXX_LANGUAGE_STANDARD = "gnu++0x";
				CLANG_CXX_LIBRARY = "libc++";
				CLANG_ENABLE_MODULES = YES;
				CLANG_ENABLE_OBJC_ARC = YES;
				CLANG_WARN_BOOL_CONVERSION = YES;
				CLANG_WARN_CONSTANT_CONVERSION = YES;
				CLANG_WARN_DIRECT_OBJC_ISA_USAGE = YES_ERROR;
				CLANG_WARN_EMPTY_BODY = YES;
				CLANG_WARN_ENUM_CONVERSION = YES;
				CLANG_WARN_INT_CONVERSION = YES;
				CLANG_WARN_OBJC_ROOT_CLASS = YES_ERROR;
				CLANG_WARN_UNREACHABLE_CODE = YES;
				CLANG_WARN__DUPLICATE_METHOD_MATCH = YES;
				"CODE_SIGN_IDENTITY[sdk=iphoneos*]" = "iPhone Developer";
				COPY_PHASE_STRIP = NO;
				DEBUG_INFORMATION_FORMAT = "dwarf-with-dsym";
				ENABLE_NS_ASSERTIONS = NO;
				ENABLE_STRICT_OBJC_MSGSEND = YES;
				GCC_C_LANGUAGE_STANDARD = gnu99;
				GCC_NO_COMMON_BLOCKS = YES;
				GCC_WARN_64_TO_32_BIT_CONVERSION = YES;
				GCC_WARN_ABOUT_RETURN_TYPE = YES_ERROR;
				GCC_WARN_UNDECLARED_SELECTOR = YES;
				GCC_WARN_UNINITIALIZED_AUTOS = YES_AGGRESSIVE;
				GCC_WARN_UNUSED_FUNCTION = YES;
				GCC_WARN_UNUSED_VARIABLE = YES;
				IPHONEOS_DEPLOYMENT_TARGET = 9.2;
				MTL_ENABLE_DEBUG_INFO = NO;
				SDKROOT = iphoneos;
				TARGETED_DEVICE_FAMILY = "1,2";
				VALIDATE_PRODUCT = YES;
			};
			name = Release;
		};
		031580DC1C2E3C1300F26416 /* Debug */ = {
			isa = XCBuildConfiguration;
			buildSettings = {
				ASSETCATALOG_COMPILER_APPICON_NAME = AppIcon;
				INFOPLIST_FILE = "Ejemplo de Clima/Info.plist";
				LD_RUNPATH_SEARCH_PATHS = "$(inherited) @executable_path/Frameworks";
				PRODUCT_BUNDLE_IDENTIFIER = "com.vengapps.Ejemplo-de-Clima";
				PRODUCT_NAME = "$(TARGET_NAME)";
			};
			name = Debug;
		};
		031580DD1C2E3C1300F26416 /* Release */ = {
			isa = XCBuildConfiguration;
			buildSettings = {
				ASSETCATALOG_COMPILER_APPICON_NAME = AppIcon;
				INFOPLIST_FILE = "Ejemplo de Clima/Info.plist";
				LD_RUNPATH_SEARCH_PATHS = "$(inherited) @executable_path/Frameworks";
				PRODUCT_BUNDLE_IDENTIFIER = "com.vengapps.Ejemplo-de-Clima";
				PRODUCT_NAME = "$(TARGET_NAME)";
			};
			name = Release;
		};
		031580DF1C2E3C1300F26416 /* Debug */ = {
			isa = XCBuildConfiguration;
			buildSettings = {
				BUNDLE_LOADER = "$(TEST_HOST)";
				INFOPLIST_FILE = "Ejemplo de ClimaTests/Info.plist";
				LD_RUNPATH_SEARCH_PATHS = "$(inherited) @executable_path/Frameworks @loader_path/Frameworks";
				PRODUCT_BUNDLE_IDENTIFIER = "com.vengapps.Ejemplo-de-ClimaTests";
				PRODUCT_NAME = "$(TARGET_NAME)";
				TEST_HOST = "$(BUILT_PRODUCTS_DIR)/Ejemplo de Clima.app/Ejemplo de Clima";
			};
			name = Debug;
		};
		031580E01C2E3C1300F26416 /* Release */ = {
			isa = XCBuildConfiguration;
			buildSettings = {
				BUNDLE_LOADER = "$(TEST_HOST)";
				INFOPLIST_FILE = "Ejemplo de ClimaTests/Info.plist";
				LD_RUNPATH_SEARCH_PATHS = "$(inherited) @executable_path/Frameworks @loader_path/Frameworks";
				PRODUCT_BUNDLE_IDENTIFIER = "com.vengapps.Ejemplo-de-ClimaTests";
				PRODUCT_NAME = "$(TARGET_NAME)";
				TEST_HOST = "$(BUILT_PRODUCTS_DIR)/Ejemplo de Clima.app/Ejemplo de Clima";
			};
			name = Release;
		};
/* End XCBuildConfiguration section */

/* Begin XCConfigurationList section */
		031580B91C2E3C1300F26416 /* Build configuration list for PBXProject "Ejemplo de Clima" */ = {
			isa = XCConfigurationList;
			buildConfigurations = (
				031580D91C2E3C1300F26416 /* Debug */,
				031580DA1C2E3C1300F26416 /* Release */,
			);
			defaultConfigurationIsVisible = 0;
			defaultConfigurationName = Release;
		};
		031580DB1C2E3C1300F26416 /* Build configuration list for PBXNativeTarget "Ejemplo de Clima" */ = {
			isa = XCConfigurationList;
			buildConfigurations = (
				031580DC1C2E3C1300F26416 /* Debug */,
				031580DD1C2E3C1300F26416 /* Release */,
			);
			defaultConfigurationIsVisible = 0;
		};
		031580DE1C2E3C1300F26416 /* Build configuration list for PBXNativeTarget "Ejemplo de ClimaTests" */ = {
			isa = XCConfigurationList;
			buildConfigurations = (
				031580DF1C2E3C1300F26416 /* Debug */,
				031580E01C2E3C1300F26416 /* Release */,
			);
			defaultConfigurationIsVisible = 0;
		};
/* End XCConfigurationList section */
	};
	rootObject = 031580B61C2E3C1300F26416 /* Project object */;
}
