// !$*UTF8*$!
{
	archiveVersion = 1;
	classes = {
	};
	objectVersion = 46;
	objects = {

/* Begin PBXBuildFile section */
		03130E1E1C1FDC8900C477C0 /* AppDelegate.swift in Sources */ = {isa = PBXBuildFile; fileRef = 03130E1D1C1FDC8900C477C0 /* AppDelegate.swift */; };
		03130E201C1FDC8900C477C0 /* ViewController.swift in Sources */ = {isa = PBXBuildFile; fileRef = 03130E1F1C1FDC8900C477C0 /* ViewController.swift */; };
		03130E231C1FDC8900C477C0 /* Main.storyboard in Resources */ = {isa = PBXBuildFile; fileRef = 03130E211C1FDC8900C477C0 /* Main.storyboard */; };
		03130E251C1FDC8900C477C0 /* Assets.xcassets in Resources */ = {isa = PBXBuildFile; fileRef = 03130E241C1FDC8900C477C0 /* Assets.xcassets */; };
		03130E281C1FDC8900C477C0 /* LaunchScreen.storyboard in Resources */ = {isa = PBXBuildFile; fileRef = 03130E261C1FDC8900C477C0 /* LaunchScreen.storyboard */; };
		03130E331C1FDC8900C477C0 /* CalculadoraIMCTests.swift in Sources */ = {isa = PBXBuildFile; fileRef = 03130E321C1FDC8900C477C0 /* CalculadoraIMCTests.swift */; };
/* End PBXBuildFile section */

/* Begin PBXContainerItemProxy section */
		03130E2F1C1FDC8900C477C0 /* PBXContainerItemProxy */ = {
			isa = PBXContainerItemProxy;
			containerPortal = 03130E121C1FDC8900C477C0 /* Project object */;
			proxyType = 1;
			remoteGlobalIDString = 03130E191C1FDC8900C477C0;
			remoteInfo = CalculadoraIMC;
		};
/* End PBXContainerItemProxy section */

/* Begin PBXFileReference section */
		03130E1A1C1FDC8900C477C0 /* CalculadoraIMC.app */ = {isa = PBXFileReference; explicitFileType = wrapper.application; includeInIndex = 0; path = CalculadoraIMC.app; sourceTree = BUILT_PRODUCTS_DIR; };
		03130E1D1C1FDC8900C477C0 /* AppDelegate.swift */ = {isa = PBXFileReference; lastKnownFileType = sourcecode.swift; path = AppDelegate.swift; sourceTree = "<group>"; };
		03130E1F1C1FDC8900C477C0 /* ViewController.swift */ = {isa = PBXFileReference; lastKnownFileType = sourcecode.swift; path = ViewController.swift; sourceTree = "<group>"; };
		03130E221C1FDC8900C477C0 /* Base */ = {isa = PBXFileReference; lastKnownFileType = file.storyboard; name = Base; path = Base.lproj/Main.storyboard; sourceTree = "<group>"; };
		03130E241C1FDC8900C477C0 /* Assets.xcassets */ = {isa = PBXFileReference; lastKnownFileType = folder.assetcatalog; path = Assets.xcassets; sourceTree = "<group>"; };
		03130E271C1FDC8900C477C0 /* Base */ = {isa = PBXFileReference; lastKnownFileType = file.storyboard; name = Base; path = Base.lproj/LaunchScreen.storyboard; sourceTree = "<group>"; };
		03130E291C1FDC8900C477C0 /* Info.plist */ = {isa = PBXFileReference; lastKnownFileType = text.plist.xml; path = Info.plist; sourceTree = "<group>"; };
		03130E2E1C1FDC8900C477C0 /* CalculadoraIMCTests.xctest */ = {isa = PBXFileReference; explicitFileType = wrapper.cfbundle; includeInIndex = 0; path = CalculadoraIMCTests.xctest; sourceTree = BUILT_PRODUCTS_DIR; };
		03130E321C1FDC8900C477C0 /* CalculadoraIMCTests.swift */ = {isa = PBXFileReference; lastKnownFileType = sourcecode.swift; path = CalculadoraIMCTests.swift; sourceTree = "<group>"; };
		03130E341C1FDC8900C477C0 /* Info.plist */ = {isa = PBXFileReference; lastKnownFileType = text.plist.xml; path = Info.plist; sourceTree = "<group>"; };
/* End PBXFileReference section */

/* Begin PBXFrameworksBuildPhase section */
		03130E171C1FDC8900C477C0 /* Frameworks */ = {
			isa = PBXFrameworksBuildPhase;
			buildActionMask = 2147483647;
			files = (
			);
			runOnlyForDeploymentPostprocessing = 0;
		};
		03130E2B1C1FDC8900C477C0 /* Frameworks */ = {
			isa = PBXFrameworksBuildPhase;
			buildActionMask = 2147483647;
			files = (
			);
			runOnlyForDeploymentPostprocessing = 0;
		};
/* End PBXFrameworksBuildPhase section */

/* Begin PBXGroup section */
		03130E111C1FDC8900C477C0 = {
			isa = PBXGroup;
			children = (
				03130E1C1C1FDC8900C477C0 /* CalculadoraIMC */,
				03130E311C1FDC8900C477C0 /* CalculadoraIMCTests */,
				03130E1B1C1FDC8900C477C0 /* Products */,
			);
			sourceTree = "<group>";
		};
		03130E1B1C1FDC8900C477C0 /* Products */ = {
			isa = PBXGroup;
			children = (
				03130E1A1C1FDC8900C477C0 /* CalculadoraIMC.app */,
				03130E2E1C1FDC8900C477C0 /* CalculadoraIMCTests.xctest */,
			);
			name = Products;
			sourceTree = "<group>";
		};
		03130E1C1C1FDC8900C477C0 /* CalculadoraIMC */ = {
			isa = PBXGroup;
			children = (
				03130E1D1C1FDC8900C477C0 /* AppDelegate.swift */,
				03130E1F1C1FDC8900C477C0 /* ViewController.swift */,
				03130E211C1FDC8900C477C0 /* Main.storyboard */,
				03130E241C1FDC8900C477C0 /* Assets.xcassets */,
				03130E261C1FDC8900C477C0 /* LaunchScreen.storyboard */,
				03130E291C1FDC8900C477C0 /* Info.plist */,
			);
			path = CalculadoraIMC;
			sourceTree = "<group>";
		};
		03130E311C1FDC8900C477C0 /* CalculadoraIMCTests */ = {
			isa = PBXGroup;
			children = (
				03130E321C1FDC8900C477C0 /* CalculadoraIMCTests.swift */,
				03130E341C1FDC8900C477C0 /* Info.plist */,
			);
			path = CalculadoraIMCTests;
			sourceTree = "<group>";
		};
/* End PBXGroup section */

/* Begin PBXNativeTarget section */
		03130E191C1FDC8900C477C0 /* CalculadoraIMC */ = {
			isa = PBXNativeTarget;
			buildConfigurationList = 03130E371C1FDC8900C477C0 /* Build configuration list for PBXNativeTarget "CalculadoraIMC" */;
			buildPhases = (
				03130E161C1FDC8900C477C0 /* Sources */,
				03130E171C1FDC8900C477C0 /* Frameworks */,
				03130E181C1FDC8900C477C0 /* Resources */,
			);
			buildRules = (
			);
			dependencies = (
			);
			name = CalculadoraIMC;
			productName = CalculadoraIMC;
			productReference = 03130E1A1C1FDC8900C477C0 /* CalculadoraIMC.app */;
			productType = "com.apple.product-type.application";
		};
		03130E2D1C1FDC8900C477C0 /* CalculadoraIMCTests */ = {
			isa = PBXNativeTarget;
			buildConfigurationList = 03130E3A1C1FDC8900C477C0 /* Build configuration list for PBXNativeTarget "CalculadoraIMCTests" */;
			buildPhases = (
				03130E2A1C1FDC8900C477C0 /* Sources */,
				03130E2B1C1FDC8900C477C0 /* Frameworks */,
				03130E2C1C1FDC8900C477C0 /* Resources */,
			);
			buildRules = (
			);
			dependencies = (
				03130E301C1FDC8900C477C0 /* PBXTargetDependency */,
			);
			name = CalculadoraIMCTests;
			productName = CalculadoraIMCTests;
			productReference = 03130E2E1C1FDC8900C477C0 /* CalculadoraIMCTests.xctest */;
			productType = "com.apple.product-type.bundle.unit-test";
		};
/* End PBXNativeTarget section */

/* Begin PBXProject section */
		03130E121C1FDC8900C477C0 /* Project object */ = {
			isa = PBXProject;
			attributes = {
				LastSwiftUpdateCheck = 0720;
				LastUpgradeCheck = 0720;
				ORGANIZATIONNAME = vengapps;
				TargetAttributes = {
					03130E191C1FDC8900C477C0 = {
						CreatedOnToolsVersion = 7.2;
						DevelopmentTeam = 28SLDM4ZAR;
					};
					03130E2D1C1FDC8900C477C0 = {
						CreatedOnToolsVersion = 7.2;
						DevelopmentTeam = 28SLDM4ZAR;
						TestTargetID = 03130E191C1FDC8900C477C0;
					};
				};
			};
			buildConfigurationList = 03130E151C1FDC8900C477C0 /* Build configuration list for PBXProject "CalculadoraIMC" */;
			compatibilityVersion = "Xcode 3.2";
			developmentRegion = English;
			hasScannedForEncodings = 0;
			knownRegions = (
				en,
				Base,
			);
			mainGroup = 03130E111C1FDC8900C477C0;
			productRefGroup = 03130E1B1C1FDC8900C477C0 /* Products */;
			projectDirPath = "";
			projectRoot = "";
			targets = (
				03130E191C1FDC8900C477C0 /* CalculadoraIMC */,
				03130E2D1C1FDC8900C477C0 /* CalculadoraIMCTests */,
			);
		};
/* End PBXProject section */

/* Begin PBXResourcesBuildPhase section */
		03130E181C1FDC8900C477C0 /* Resources */ = {
			isa = PBXResourcesBuildPhase;
			buildActionMask = 2147483647;
			files = (
				03130E281C1FDC8900C477C0 /* LaunchScreen.storyboard in Resources */,
				03130E251C1FDC8900C477C0 /* Assets.xcassets in Resources */,
				03130E231C1FDC8900C477C0 /* Main.storyboard in Resources */,
			);
			runOnlyForDeploymentPostprocessing = 0;
		};
		03130E2C1C1FDC8900C477C0 /* Resources */ = {
			isa = PBXResourcesBuildPhase;
			buildActionMask = 2147483647;
			files = (
			);
			runOnlyForDeploymentPostprocessing = 0;
		};
/* End PBXResourcesBuildPhase section */

/* Begin PBXSourcesBuildPhase section */
		03130E161C1FDC8900C477C0 /* Sources */ = {
			isa = PBXSourcesBuildPhase;
			buildActionMask = 2147483647;
			files = (
				03130E201C1FDC8900C477C0 /* ViewController.swift in Sources */,
				03130E1E1C1FDC8900C477C0 /* AppDelegate.swift in Sources */,
			);
			runOnlyForDeploymentPostprocessing = 0;
		};
		03130E2A1C1FDC8900C477C0 /* Sources */ = {
			isa = PBXSourcesBuildPhase;
			buildActionMask = 2147483647;
			files = (
				03130E331C1FDC8900C477C0 /* CalculadoraIMCTests.swift in Sources */,
			);
			runOnlyForDeploymentPostprocessing = 0;
		};
/* End PBXSourcesBuildPhase section */

/* Begin PBXTargetDependency section */
		03130E301C1FDC8900C477C0 /* PBXTargetDependency */ = {
			isa = PBXTargetDependency;
			target = 03130E191C1FDC8900C477C0 /* CalculadoraIMC */;
			targetProxy = 03130E2F1C1FDC8900C477C0 /* PBXContainerItemProxy */;
		};
/* End PBXTargetDependency section */

/* Begin PBXVariantGroup section */
		03130E211C1FDC8900C477C0 /* Main.storyboard */ = {
			isa = PBXVariantGroup;
			children = (
				03130E221C1FDC8900C477C0 /* Base */,
			);
			name = Main.storyboard;
			sourceTree = "<group>";
		};
		03130E261C1FDC8900C477C0 /* LaunchScreen.storyboard */ = {
			isa = PBXVariantGroup;
			children = (
				03130E271C1FDC8900C477C0 /* Base */,
			);
			name = LaunchScreen.storyboard;
			sourceTree = "<group>";
		};
/* End PBXVariantGroup section */

/* Begin XCBuildConfiguration section */
		03130E351C1FDC8900C477C0 /* Debug */ = {
			isa = XCBuildConfiguration;
			buildSettings = {
				ALWAYS_SEARCH_USER_PATHS = NO;
				CLANG_CXX_LANGUAGE_STANDARD = "gnu++0x";
				CLANG_CXX_LIBRARY = "libc++";
				CLANG_ENABLE_MODULES = YES;
				CLANG_ENABLE_OBJC_ARC = YES;
				CLANG_WARN_BOOL_CONVERSION = YES;
				CLANG_WARN_CONSTANT_CONVERSION = YES;
				CLANG_WARN_DIRECT_OBJC_ISA_USAGE = YES_ERROR;
				CLANG_WARN_EMPTY_BODY = YES;
				CLANG_WARN_ENUM_CONVERSION = YES;
				CLANG_WARN_INT_CONVERSION = YES;
				CLANG_WARN_OBJC_ROOT_CLASS = YES_ERROR;
				CLANG_WARN_UNREACHABLE_CODE = YES;
				CLANG_WARN__DUPLICATE_METHOD_MATCH = YES;
				"CODE_SIGN_IDENTITY[sdk=iphoneos*]" = "iPhone Developer";
				COPY_PHASE_STRIP = NO;
				DEBUG_INFORMATION_FORMAT = dwarf;
				ENABLE_STRICT_OBJC_MSGSEND = YES;
				ENABLE_TESTABILITY = YES;
				GCC_C_LANGUAGE_STANDARD = gnu99;
				GCC_DYNAMIC_NO_PIC = NO;
				GCC_NO_COMMON_BLOCKS = YES;
				GCC_OPTIMIZATION_LEVEL = 0;
				GCC_PREPROCESSOR_DEFINITIONS = (
					"DEBUG=1",
					"$(inherited)",
				);
				GCC_WARN_64_TO_32_BIT_CONVERSION = YES;
				GCC_WARN_ABOUT_RETURN_TYPE = YES_ERROR;
				GCC_WARN_UNDECLARED_SELECTOR = YES;
				GCC_WARN_UNINITIALIZED_AUTOS = YES_AGGRESSIVE;
				GCC_WARN_UNUSED_FUNCTION = YES;
				GCC_WARN_UNUSED_VARIABLE = YES;
				IPHONEOS_DEPLOYMENT_TARGET = 9.2;
				MTL_ENABLE_DEBUG_INFO = YES;
				ONLY_ACTIVE_ARCH = YES;
				SDKROOT = iphoneos;
				SWIFT_OPTIMIZATION_LEVEL = "-Onone";
				TARGETED_DEVICE_FAMILY = "1,2";
			};
			name = Debug;
		};
		03130E361C1FDC8900C477C0 /* Release */ = {
			isa = XCBuildConfiguration;
			buildSettings = {
				ALWAYS_SEARCH_USER_PATHS = NO;
				CLANG_CXX_LANGUAGE_STANDARD = "gnu++0x";
				CLANG_CXX_LIBRARY = "libc++";
				CLANG_ENABLE_MODULES = YES;
				CLANG_ENABLE_OBJC_ARC = YES;
				CLANG_WARN_BOOL_CONVERSION = YES;
				CLANG_WARN_CONSTANT_CONVERSION = YES;
				CLANG_WARN_DIRECT_OBJC_ISA_USAGE = YES_ERROR;
				CLANG_WARN_EMPTY_BODY = YES;
				CLANG_WARN_ENUM_CONVERSION = YES;
				CLANG_WARN_INT_CONVERSION = YES;
				CLANG_WARN_OBJC_ROOT_CLASS = YES_ERROR;
				CLANG_WARN_UNREACHABLE_CODE = YES;
				CLANG_WARN__DUPLICATE_METHOD_MATCH = YES;
				"CODE_SIGN_IDENTITY[sdk=iphoneos*]" = "iPhone Developer";
				COPY_PHASE_STRIP = NO;
				DEBUG_INFORMATION_FORMAT = "dwarf-with-dsym";
				ENABLE_NS_ASSERTIONS = NO;
				ENABLE_STRICT_OBJC_MSGSEND = YES;
				GCC_C_LANGUAGE_STANDARD = gnu99;
				GCC_NO_COMMON_BLOCKS = YES;
				GCC_WARN_64_TO_32_BIT_CONVERSION = YES;
				GCC_WARN_ABOUT_RETURN_TYPE = YES_ERROR;
				GCC_WARN_UNDECLARED_SELECTOR = YES;
				GCC_WARN_UNINITIALIZED_AUTOS = YES_AGGRESSIVE;
				GCC_WARN_UNUSED_FUNCTION = YES;
				GCC_WARN_UNUSED_VARIABLE = YES;
				IPHONEOS_DEPLOYMENT_TARGET = 9.2;
				MTL_ENABLE_DEBUG_INFO = NO;
				SDKROOT = iphoneos;
				TARGETED_DEVICE_FAMILY = "1,2";
				VALIDATE_PRODUCT = YES;
			};
			name = Release;
		};
		03130E381C1FDC8900C477C0 /* Debug */ = {
			isa = XCBuildConfiguration;
			buildSettings = {
				ASSETCATALOG_COMPILER_APPICON_NAME = AppIcon;
				INFOPLIST_FILE = CalculadoraIMC/Info.plist;
				LD_RUNPATH_SEARCH_PATHS = "$(inherited) @executable_path/Frameworks";
				PRODUCT_BUNDLE_IDENTIFIER = com.vengapps.CalculadoraIMC;
				PRODUCT_NAME = "$(TARGET_NAME)";
			};
			name = Debug;
		};
		03130E391C1FDC8900C477C0 /* Release */ = {
			isa = XCBuildConfiguration;
			buildSettings = {
				ASSETCATALOG_COMPILER_APPICON_NAME = AppIcon;
				INFOPLIST_FILE = CalculadoraIMC/Info.plist;
				LD_RUNPATH_SEARCH_PATHS = "$(inherited) @executable_path/Frameworks";
				PRODUCT_BUNDLE_IDENTIFIER = com.vengapps.CalculadoraIMC;
				PRODUCT_NAME = "$(TARGET_NAME)";
			};
			name = Release;
		};
		03130E3B1C1FDC8900C477C0 /* Debug */ = {
			isa = XCBuildConfiguration;
			buildSettings = {
				BUNDLE_LOADER = "$(TEST_HOST)";
				INFOPLIST_FILE = CalculadoraIMCTests/Info.plist;
				LD_RUNPATH_SEARCH_PATHS = "$(inherited) @executable_path/Frameworks @loader_path/Frameworks";
				PRODUCT_BUNDLE_IDENTIFIER = com.vengapps.CalculadoraIMCTests;
				PRODUCT_NAME = "$(TARGET_NAME)";
				TEST_HOST = "$(BUILT_PRODUCTS_DIR)/CalculadoraIMC.app/CalculadoraIMC";
			};
			name = Debug;
		};
		03130E3C1C1FDC8900C477C0 /* Release */ = {
			isa = XCBuildConfiguration;
			buildSettings = {
				BUNDLE_LOADER = "$(TEST_HOST)";
				INFOPLIST_FILE = CalculadoraIMCTests/Info.plist;
				LD_RUNPATH_SEARCH_PATHS = "$(inherited) @executable_path/Frameworks @loader_path/Frameworks";
				PRODUCT_BUNDLE_IDENTIFIER = com.vengapps.CalculadoraIMCTests;
				PRODUCT_NAME = "$(TARGET_NAME)";
				TEST_HOST = "$(BUILT_PRODUCTS_DIR)/CalculadoraIMC.app/CalculadoraIMC";
			};
			name = Release;
		};
/* End XCBuildConfiguration section */

/* Begin XCConfigurationList section */
		03130E151C1FDC8900C477C0 /* Build configuration list for PBXProject "CalculadoraIMC" */ = {
			isa = XCConfigurationList;
			buildConfigurations = (
				03130E351C1FDC8900C477C0 /* Debug */,
				03130E361C1FDC8900C477C0 /* Release */,
			);
			defaultConfigurationIsVisible = 0;
			defaultConfigurationName = Release;
		};
		03130E371C1FDC8900C477C0 /* Build configuration list for PBXNativeTarget "CalculadoraIMC" */ = {
			isa = XCConfigurationList;
			buildConfigurations = (
				03130E381C1FDC8900C477C0 /* Debug */,
				03130E391C1FDC8900C477C0 /* Release */,
			);
			defaultConfigurationIsVisible = 0;
		};
		03130E3A1C1FDC8900C477C0 /* Build configuration list for PBXNativeTarget "CalculadoraIMCTests" */ = {
			isa = XCConfigurationList;
			buildConfigurations = (
				03130E3B1C1FDC8900C477C0 /* Debug */,
				03130E3C1C1FDC8900C477C0 /* Release */,
			);
			defaultConfigurationIsVisible = 0;
		};
/* End XCConfigurationList section */
	};
	rootObject = 03130E121C1FDC8900C477C0 /* Project object */;
}
